// !$*UTF8*$!
{
	archiveVersion = 1;
	classes = {
	};
	objectVersion = 56;
	objects = {

/* Begin PBXBuildFile section */
		1601568829A70C8F00ECBCC3 /* WebSocketDemo_Shared.framework in CopyFiles */ = {isa = PBXBuildFile; fileRef = 16F34CE729A6FF3200ACC882 /* WebSocketDemo_Shared.framework */; settings = {ATTRIBUTES = (CodeSignOnCopy, RemoveHeadersOnCopy, ); }; };
		1601568A29A70F0800ECBCC3 /* WebSocketDemo_Shared.framework in CopyFiles */ = {isa = PBXBuildFile; fileRef = 16F34CE729A6FF3200ACC882 /* WebSocketDemo_Shared.framework */; settings = {ATTRIBUTES = (CodeSignOnCopy, RemoveHeadersOnCopy, ); }; };
		1640D49D29954ABD00C0D669 /* App.swift in Sources */ = {isa = PBXBuildFile; fileRef = 1640D49C29954ABD00C0D669 /* App.swift */; };
		1640D49F29954ABD00C0D669 /* ContentView.swift in Sources */ = {isa = PBXBuildFile; fileRef = 1640D49E29954ABD00C0D669 /* ContentView.swift */; };
		1640D4A129954ABD00C0D669 /* Assets.xcassets in Resources */ = {isa = PBXBuildFile; fileRef = 1640D4A029954ABD00C0D669 /* Assets.xcassets */; };
		164DE46D29955C7C002B3560 /* Foxglove Demo Watch.app in Embed Watch Content */ = {isa = PBXBuildFile; fileRef = 1640D49A29954ABD00C0D669 /* Foxglove Demo Watch.app */; settings = {ATTRIBUTES = (RemoveHeadersOnCopy, ); }; };
		16EF080A2992D8A70082E9A0 /* App.swift in Sources */ = {isa = PBXBuildFile; fileRef = 16EF08092992D8A70082E9A0 /* App.swift */; };
		16EF080E2992D8A90082E9A0 /* Assets.xcassets in Resources */ = {isa = PBXBuildFile; fileRef = 16EF080D2992D8A90082E9A0 /* Assets.xcassets */; };
		16EF086D299408100082E9A0 /* SwiftProtobuf in Frameworks */ = {isa = PBXBuildFile; productRef = 16EF086C299408100082E9A0 /* SwiftProtobuf */; };
		16F34CD129A6FE1500ACC882 /* App.swift in Sources */ = {isa = PBXBuildFile; fileRef = 16F34CD029A6FE1500ACC882 /* App.swift */; };
		16F34CD529A6FE1600ACC882 /* Assets.xcassets in Resources */ = {isa = PBXBuildFile; fileRef = 16F34CD429A6FE1600ACC882 /* Assets.xcassets */; };
		16F34CDD29A6FE1600ACC882 /* Foxglove Demo Clip.app in Embed App Clips */ = {isa = PBXBuildFile; fileRef = 16F34CCE29A6FE1500ACC882 /* Foxglove Demo Clip.app */; settings = {ATTRIBUTES = (RemoveHeadersOnCopy, ); }; };
		16F34CEE29A6FF9C00ACC882 /* Server.swift in Sources */ = {isa = PBXBuildFile; fileRef = 16EF081D2993777F0082E9A0 /* Server.swift */; };
		16F34CEF29A6FF9C00ACC882 /* CardToggle.swift in Sources */ = {isa = PBXBuildFile; fileRef = 164DE4732995BCEC002B3560 /* CardToggle.swift */; };
		16F34CF029A6FF9C00ACC882 /* ContentView.swift in Sources */ = {isa = PBXBuildFile; fileRef = 16EF080B2992D8A70082E9A0 /* ContentView.swift */; };
		16F34CF129A6FF9C00ACC882 /* getIPAddress.swift in Sources */ = {isa = PBXBuildFile; fileRef = 16EF08172993021C0082E9A0 /* getIPAddress.swift */; };
		16F34CF229A6FF9C00ACC882 /* getCPUUsage.swift in Sources */ = {isa = PBXBuildFile; fileRef = 1640D46B29945B7200C0D669 /* getCPUUsage.swift */; };
		16F34CF329A6FF9C00ACC882 /* FoxgloveServer.swift in Sources */ = {isa = PBXBuildFile; fileRef = 16EF0819299302570082E9A0 /* FoxgloveServer.swift */; };
		16F34CF429A6FF9C00ACC882 /* createQRCode.swift in Sources */ = {isa = PBXBuildFile; fileRef = 16B2ED27299628DF00042516 /* createQRCode.swift */; };
		16F34CF529A6FF9C00ACC882 /* schemas.swift in Sources */ = {isa = PBXBuildFile; fileRef = 16EF081B299363840082E9A0 /* schemas.swift */; };
		16F34CF629A6FF9C00ACC882 /* getMemoryUsage.swift in Sources */ = {isa = PBXBuildFile; fileRef = 1640D46D2994AB7400C0D669 /* getMemoryUsage.swift */; };
		16F34CF729A6FFA300ACC882 /* CompressedImage.bin in Resources */ = {isa = PBXBuildFile; fileRef = 16EF087129940C160082E9A0 /* CompressedImage.bin */; };
		16F34CF829A6FFA300ACC882 /* LocationFix.bin in Resources */ = {isa = PBXBuildFile; fileRef = 169393CC2994522A00A78475 /* LocationFix.bin */; };
		16F34CF929A6FFAB00ACC882 /* CubePrimitive.pb.swift in Sources */ = {isa = PBXBuildFile; fileRef = 16EF083E299406BB0082E9A0 /* CubePrimitive.pb.swift */; };
		16F34CFA29A6FFAB00ACC882 /* GeoJSON.pb.swift in Sources */ = {isa = PBXBuildFile; fileRef = 16EF082F299406BB0082E9A0 /* GeoJSON.pb.swift */; };
		16F34CFB29A6FFAB00ACC882 /* Point2.pb.swift in Sources */ = {isa = PBXBuildFile; fileRef = 16EF0844299406BB0082E9A0 /* Point2.pb.swift */; };
		16F34CFC29A6FFAB00ACC882 /* Point3.pb.swift in Sources */ = {isa = PBXBuildFile; fileRef = 16EF0845299406BB0082E9A0 /* Point3.pb.swift */; };
		16F34CFD29A6FFAB00ACC882 /* ArrowPrimitive.pb.swift in Sources */ = {isa = PBXBuildFile; fileRef = 16EF0846299406BB0082E9A0 /* ArrowPrimitive.pb.swift */; };
		16F34CFE29A6FFAB00ACC882 /* Vector3.pb.swift in Sources */ = {isa = PBXBuildFile; fileRef = 16EF0827299406BB0082E9A0 /* Vector3.pb.swift */; };
		16F34CFF29A6FFAB00ACC882 /* Vector2.pb.swift in Sources */ = {isa = PBXBuildFile; fileRef = 16EF0828299406BB0082E9A0 /* Vector2.pb.swift */; };
		16F34D0029A6FFAB00ACC882 /* ImageAnnotations.pb.swift in Sources */ = {isa = PBXBuildFile; fileRef = 16EF0826299406BB0082E9A0 /* ImageAnnotations.pb.swift */; };
		16F34D0129A6FFAB00ACC882 /* SceneUpdate.pb.swift in Sources */ = {isa = PBXBuildFile; fileRef = 16EF0830299406BB0082E9A0 /* SceneUpdate.pb.swift */; };
		16F34D0229A6FFAB00ACC882 /* Quaternion.pb.swift in Sources */ = {isa = PBXBuildFile; fileRef = 16EF083B299406BB0082E9A0 /* Quaternion.pb.swift */; };
		16F34D0329A6FFAB00ACC882 /* CameraCalibration.pb.swift in Sources */ = {isa = PBXBuildFile; fileRef = 16EF0833299406BB0082E9A0 /* CameraCalibration.pb.swift */; };
		16F34D0429A6FFAB00ACC882 /* SceneEntityDeletion.pb.swift in Sources */ = {isa = PBXBuildFile; fileRef = 16EF083A299406BB0082E9A0 /* SceneEntityDeletion.pb.swift */; };
		16F34D0529A6FFAB00ACC882 /* SpherePrimitive.pb.swift in Sources */ = {isa = PBXBuildFile; fileRef = 16EF0843299406BB0082E9A0 /* SpherePrimitive.pb.swift */; };
		16F34D0629A6FFAB00ACC882 /* PointsAnnotation.pb.swift in Sources */ = {isa = PBXBuildFile; fileRef = 16EF0825299406BB0082E9A0 /* PointsAnnotation.pb.swift */; };
		16F34D0729A6FFAB00ACC882 /* Color.pb.swift in Sources */ = {isa = PBXBuildFile; fileRef = 16EF0829299406BB0082E9A0 /* Color.pb.swift */; };
		16F34D0829A6FFAB00ACC882 /* LocationFix.pb.swift in Sources */ = {isa = PBXBuildFile; fileRef = 16EF0842299406BB0082E9A0 /* LocationFix.pb.swift */; };
		16F34D0929A6FFAB00ACC882 /* PointCloud.pb.swift in Sources */ = {isa = PBXBuildFile; fileRef = 16EF082C299406BB0082E9A0 /* PointCloud.pb.swift */; };
		16F34D0A29A6FFAB00ACC882 /* LaserScan.pb.swift in Sources */ = {isa = PBXBuildFile; fileRef = 16EF082D299406BB0082E9A0 /* LaserScan.pb.swift */; };
		16F34D0B29A6FFAB00ACC882 /* FrameTransform.pb.swift in Sources */ = {isa = PBXBuildFile; fileRef = 16EF0835299406BB0082E9A0 /* FrameTransform.pb.swift */; };
		16F34D0C29A6FFAB00ACC882 /* CircleAnnotation.pb.swift in Sources */ = {isa = PBXBuildFile; fileRef = 16EF0836299406BB0082E9A0 /* CircleAnnotation.pb.swift */; };
		16F34D0D29A6FFAB00ACC882 /* TextPrimitive.pb.swift in Sources */ = {isa = PBXBuildFile; fileRef = 16EF0837299406BB0082E9A0 /* TextPrimitive.pb.swift */; };
		16F34D0E29A6FFAB00ACC882 /* PackedElementField.pb.swift in Sources */ = {isa = PBXBuildFile; fileRef = 16EF0840299406BB0082E9A0 /* PackedElementField.pb.swift */; };
		16F34D0F29A6FFAB00ACC882 /* CylinderPrimitive.pb.swift in Sources */ = {isa = PBXBuildFile; fileRef = 16EF0841299406BB0082E9A0 /* CylinderPrimitive.pb.swift */; };
		16F34D1029A6FFAB00ACC882 /* CompressedImage.pb.swift in Sources */ = {isa = PBXBuildFile; fileRef = 16EF0831299406BB0082E9A0 /* CompressedImage.pb.swift */; };
		16F34D1129A6FFAB00ACC882 /* Log.pb.swift in Sources */ = {isa = PBXBuildFile; fileRef = 16EF083C299406BB0082E9A0 /* Log.pb.swift */; };
		16F34D1229A6FFAB00ACC882 /* RawImage.pb.swift in Sources */ = {isa = PBXBuildFile; fileRef = 16EF0839299406BB0082E9A0 /* RawImage.pb.swift */; };
		16F34D1329A6FFAB00ACC882 /* TriangleListPrimitive.pb.swift in Sources */ = {isa = PBXBuildFile; fileRef = 16EF083D299406BB0082E9A0 /* TriangleListPrimitive.pb.swift */; };
		16F34D1429A6FFAB00ACC882 /* PosesInFrame.pb.swift in Sources */ = {isa = PBXBuildFile; fileRef = 16EF0838299406BB0082E9A0 /* PosesInFrame.pb.swift */; };
		16F34D1529A6FFAB00ACC882 /* ModelPrimitive.pb.swift in Sources */ = {isa = PBXBuildFile; fileRef = 16EF083F299406BB0082E9A0 /* ModelPrimitive.pb.swift */; };
		16F34D1629A6FFAB00ACC882 /* PoseInFrame.pb.swift in Sources */ = {isa = PBXBuildFile; fileRef = 16EF0832299406BB0082E9A0 /* PoseInFrame.pb.swift */; };
		16F34D1729A6FFAB00ACC882 /* Pose.pb.swift in Sources */ = {isa = PBXBuildFile; fileRef = 16EF0847299406BB0082E9A0 /* Pose.pb.swift */; };
		16F34D1829A6FFAB00ACC882 /* Grid.pb.swift in Sources */ = {isa = PBXBuildFile; fileRef = 16EF082A299406BB0082E9A0 /* Grid.pb.swift */; };
		16F34D1929A6FFAB00ACC882 /* KeyValuePair.pb.swift in Sources */ = {isa = PBXBuildFile; fileRef = 16EF082B299406BB0082E9A0 /* KeyValuePair.pb.swift */; };
		16F34D1A29A6FFAB00ACC882 /* LinePrimitive.pb.swift in Sources */ = {isa = PBXBuildFile; fileRef = 16EF082E299406BB0082E9A0 /* LinePrimitive.pb.swift */; };
		16F34D1B29A6FFAB00ACC882 /* SceneEntity.pb.swift in Sources */ = {isa = PBXBuildFile; fileRef = 16EF0834299406BB0082E9A0 /* SceneEntity.pb.swift */; };
		16F34D1F29A6FFDC00ACC882 /* SwiftProtobuf in Frameworks */ = {isa = PBXBuildFile; productRef = 16F34D1E29A6FFDC00ACC882 /* SwiftProtobuf */; };
		16F34D2229A7096200ACC882 /* WebSocketDemo_Shared.framework in Frameworks */ = {isa = PBXBuildFile; fileRef = 16F34CE729A6FF3200ACC882 /* WebSocketDemo_Shared.framework */; };
		16F34D2529A7097300ACC882 /* WebSocketDemo_Shared.framework in Frameworks */ = {isa = PBXBuildFile; fileRef = 16F34CE729A6FF3200ACC882 /* WebSocketDemo_Shared.framework */; };
/* End PBXBuildFile section */

/* Begin PBXContainerItemProxy section */
		164DE47129956493002B3560 /* PBXContainerItemProxy */ = {
			isa = PBXContainerItemProxy;
			containerPortal = 16EF07FE2992D8A70082E9A0 /* Project object */;
			proxyType = 1;
			remoteGlobalIDString = 1640D49929954ABD00C0D669;
			remoteInfo = "Foxglove Bridge Companion Watch App";
		};
		16F34CDB29A6FE1600ACC882 /* PBXContainerItemProxy */ = {
			isa = PBXContainerItemProxy;
			containerPortal = 16EF07FE2992D8A70082E9A0 /* Project object */;
			proxyType = 1;
			remoteGlobalIDString = 16F34CCD29A6FE1500ACC882;
			remoteInfo = "Foxglove Demo Clip";
		};
		16F34D2029A7095C00ACC882 /* PBXContainerItemProxy */ = {
			isa = PBXContainerItemProxy;
			containerPortal = 16EF07FE2992D8A70082E9A0 /* Project object */;
			proxyType = 1;
			remoteGlobalIDString = 16F34CE629A6FF3200ACC882;
			remoteInfo = "WebSocketDemo-Shared";
		};
		16F34D2329A7096F00ACC882 /* PBXContainerItemProxy */ = {
			isa = PBXContainerItemProxy;
			containerPortal = 16EF07FE2992D8A70082E9A0 /* Project object */;
			proxyType = 1;
			remoteGlobalIDString = 16F34CE629A6FF3200ACC882;
			remoteInfo = "WebSocketDemo-Shared";
		};
/* End PBXContainerItemProxy section */

/* Begin PBXCopyFilesBuildPhase section */
		1601568929A70F0000ECBCC3 /* CopyFiles */ = {
			isa = PBXCopyFilesBuildPhase;
			buildActionMask = 2147483647;
			dstPath = "";
			dstSubfolderSpec = 10;
			files = (
				1601568A29A70F0800ECBCC3 /* WebSocketDemo_Shared.framework in CopyFiles */,
			);
			runOnlyForDeploymentPostprocessing = 0;
		};
		164DE47029955C7C002B3560 /* Embed Watch Content */ = {
			isa = PBXCopyFilesBuildPhase;
			buildActionMask = 2147483647;
			dstPath = "$(CONTENTS_FOLDER_PATH)/Watch";
			dstSubfolderSpec = 16;
			files = (
				164DE46D29955C7C002B3560 /* Foxglove Demo Watch.app in Embed Watch Content */,
			);
			name = "Embed Watch Content";
			runOnlyForDeploymentPostprocessing = 0;
		};
		16F34CE129A6FE1600ACC882 /* Embed App Clips */ = {
			isa = PBXCopyFilesBuildPhase;
			buildActionMask = 2147483647;
			dstPath = "$(CONTENTS_FOLDER_PATH)/AppClips";
			dstSubfolderSpec = 16;
			files = (
				16F34CDD29A6FE1600ACC882 /* Foxglove Demo Clip.app in Embed App Clips */,
			);
			name = "Embed App Clips";
			runOnlyForDeploymentPostprocessing = 0;
		};
		16F34D2729A70C7600ACC882 /* CopyFiles */ = {
			isa = PBXCopyFilesBuildPhase;
			buildActionMask = 2147483647;
			dstPath = "";
			dstSubfolderSpec = 10;
			files = (
				1601568829A70C8F00ECBCC3 /* WebSocketDemo_Shared.framework in CopyFiles */,
			);
			runOnlyForDeploymentPostprocessing = 0;
		};
/* End PBXCopyFilesBuildPhase section */

/* Begin PBXFileReference section */
		1640D46B29945B7200C0D669 /* getCPUUsage.swift */ = {isa = PBXFileReference; lastKnownFileType = sourcecode.swift; path = getCPUUsage.swift; sourceTree = "<group>"; };
		1640D46D2994AB7400C0D669 /* getMemoryUsage.swift */ = {isa = PBXFileReference; lastKnownFileType = sourcecode.swift; path = getMemoryUsage.swift; sourceTree = "<group>"; };
		1640D46F2994B5A400C0D669 /* WebSocketDemo.entitlements */ = {isa = PBXFileReference; lastKnownFileType = text.plist.entitlements; path = WebSocketDemo.entitlements; sourceTree = "<group>"; };
		1640D49A29954ABD00C0D669 /* Foxglove Demo Watch.app */ = {isa = PBXFileReference; explicitFileType = wrapper.application; includeInIndex = 0; path = "Foxglove Demo Watch.app"; sourceTree = BUILT_PRODUCTS_DIR; };
		1640D49C29954ABD00C0D669 /* App.swift */ = {isa = PBXFileReference; lastKnownFileType = sourcecode.swift; path = App.swift; sourceTree = "<group>"; };
		1640D49E29954ABD00C0D669 /* ContentView.swift */ = {isa = PBXFileReference; lastKnownFileType = sourcecode.swift; path = ContentView.swift; sourceTree = "<group>"; };
		1640D4A029954ABD00C0D669 /* Assets.xcassets */ = {isa = PBXFileReference; lastKnownFileType = folder.assetcatalog; path = Assets.xcassets; sourceTree = "<group>"; };
		164DE46A299559EA002B3560 /* WebSocketDemo-Watch.entitlements */ = {isa = PBXFileReference; lastKnownFileType = text.plist.entitlements; path = "WebSocketDemo-Watch.entitlements"; sourceTree = "<group>"; };
		164DE4732995BCEC002B3560 /* CardToggle.swift */ = {isa = PBXFileReference; lastKnownFileType = sourcecode.swift; path = CardToggle.swift; sourceTree = "<group>"; };
		169393CC2994522A00A78475 /* LocationFix.bin */ = {isa = PBXFileReference; lastKnownFileType = archive.macbinary; path = LocationFix.bin; sourceTree = "<group>"; };
		16B2ED27299628DF00042516 /* createQRCode.swift */ = {isa = PBXFileReference; lastKnownFileType = sourcecode.swift; path = createQRCode.swift; sourceTree = "<group>"; };
		16EF08062992D8A70082E9A0 /* Foxglove Demo.app */ = {isa = PBXFileReference; explicitFileType = wrapper.application; includeInIndex = 0; path = "Foxglove Demo.app"; sourceTree = BUILT_PRODUCTS_DIR; };
		16EF08092992D8A70082E9A0 /* App.swift */ = {isa = PBXFileReference; lastKnownFileType = sourcecode.swift; path = App.swift; sourceTree = "<group>"; };
		16EF080B2992D8A70082E9A0 /* ContentView.swift */ = {isa = PBXFileReference; lastKnownFileType = sourcecode.swift; path = ContentView.swift; sourceTree = "<group>"; };
		16EF080D2992D8A90082E9A0 /* Assets.xcassets */ = {isa = PBXFileReference; lastKnownFileType = folder.assetcatalog; path = Assets.xcassets; sourceTree = "<group>"; };
		16EF08172993021C0082E9A0 /* getIPAddress.swift */ = {isa = PBXFileReference; lastKnownFileType = sourcecode.swift; path = getIPAddress.swift; sourceTree = "<group>"; };
		16EF0819299302570082E9A0 /* FoxgloveServer.swift */ = {isa = PBXFileReference; lastKnownFileType = sourcecode.swift; path = FoxgloveServer.swift; sourceTree = "<group>"; };
		16EF081B299363840082E9A0 /* schemas.swift */ = {isa = PBXFileReference; lastKnownFileType = sourcecode.swift; path = schemas.swift; sourceTree = "<group>"; };
		16EF081D2993777F0082E9A0 /* Server.swift */ = {isa = PBXFileReference; lastKnownFileType = sourcecode.swift; path = Server.swift; sourceTree = "<group>"; };
		16EF0825299406BB0082E9A0 /* PointsAnnotation.pb.swift */ = {isa = PBXFileReference; fileEncoding = 4; lastKnownFileType = sourcecode.swift; path = PointsAnnotation.pb.swift; sourceTree = "<group>"; };
		16EF0826299406BB0082E9A0 /* ImageAnnotations.pb.swift */ = {isa = PBXFileReference; fileEncoding = 4; lastKnownFileType = sourcecode.swift; path = ImageAnnotations.pb.swift; sourceTree = "<group>"; };
		16EF0827299406BB0082E9A0 /* Vector3.pb.swift */ = {isa = PBXFileReference; fileEncoding = 4; lastKnownFileType = sourcecode.swift; path = Vector3.pb.swift; sourceTree = "<group>"; };
		16EF0828299406BB0082E9A0 /* Vector2.pb.swift */ = {isa = PBXFileReference; fileEncoding = 4; lastKnownFileType = sourcecode.swift; path = Vector2.pb.swift; sourceTree = "<group>"; };
		16EF0829299406BB0082E9A0 /* Color.pb.swift */ = {isa = PBXFileReference; fileEncoding = 4; lastKnownFileType = sourcecode.swift; path = Color.pb.swift; sourceTree = "<group>"; };
		16EF082A299406BB0082E9A0 /* Grid.pb.swift */ = {isa = PBXFileReference; fileEncoding = 4; lastKnownFileType = sourcecode.swift; path = Grid.pb.swift; sourceTree = "<group>"; };
		16EF082B299406BB0082E9A0 /* KeyValuePair.pb.swift */ = {isa = PBXFileReference; fileEncoding = 4; lastKnownFileType = sourcecode.swift; path = KeyValuePair.pb.swift; sourceTree = "<group>"; };
		16EF082C299406BB0082E9A0 /* PointCloud.pb.swift */ = {isa = PBXFileReference; fileEncoding = 4; lastKnownFileType = sourcecode.swift; path = PointCloud.pb.swift; sourceTree = "<group>"; };
		16EF082D299406BB0082E9A0 /* LaserScan.pb.swift */ = {isa = PBXFileReference; fileEncoding = 4; lastKnownFileType = sourcecode.swift; path = LaserScan.pb.swift; sourceTree = "<group>"; };
		16EF082E299406BB0082E9A0 /* LinePrimitive.pb.swift */ = {isa = PBXFileReference; fileEncoding = 4; lastKnownFileType = sourcecode.swift; path = LinePrimitive.pb.swift; sourceTree = "<group>"; };
		16EF082F299406BB0082E9A0 /* GeoJSON.pb.swift */ = {isa = PBXFileReference; fileEncoding = 4; lastKnownFileType = sourcecode.swift; path = GeoJSON.pb.swift; sourceTree = "<group>"; };
		16EF0830299406BB0082E9A0 /* SceneUpdate.pb.swift */ = {isa = PBXFileReference; fileEncoding = 4; lastKnownFileType = sourcecode.swift; path = SceneUpdate.pb.swift; sourceTree = "<group>"; };
		16EF0831299406BB0082E9A0 /* CompressedImage.pb.swift */ = {isa = PBXFileReference; fileEncoding = 4; lastKnownFileType = sourcecode.swift; path = CompressedImage.pb.swift; sourceTree = "<group>"; };
		16EF0832299406BB0082E9A0 /* PoseInFrame.pb.swift */ = {isa = PBXFileReference; fileEncoding = 4; lastKnownFileType = sourcecode.swift; path = PoseInFrame.pb.swift; sourceTree = "<group>"; };
		16EF0833299406BB0082E9A0 /* CameraCalibration.pb.swift */ = {isa = PBXFileReference; fileEncoding = 4; lastKnownFileType = sourcecode.swift; path = CameraCalibration.pb.swift; sourceTree = "<group>"; };
		16EF0834299406BB0082E9A0 /* SceneEntity.pb.swift */ = {isa = PBXFileReference; fileEncoding = 4; lastKnownFileType = sourcecode.swift; path = SceneEntity.pb.swift; sourceTree = "<group>"; };
		16EF0835299406BB0082E9A0 /* FrameTransform.pb.swift */ = {isa = PBXFileReference; fileEncoding = 4; lastKnownFileType = sourcecode.swift; path = FrameTransform.pb.swift; sourceTree = "<group>"; };
		16EF0836299406BB0082E9A0 /* CircleAnnotation.pb.swift */ = {isa = PBXFileReference; fileEncoding = 4; lastKnownFileType = sourcecode.swift; path = CircleAnnotation.pb.swift; sourceTree = "<group>"; };
		16EF0837299406BB0082E9A0 /* TextPrimitive.pb.swift */ = {isa = PBXFileReference; fileEncoding = 4; lastKnownFileType = sourcecode.swift; path = TextPrimitive.pb.swift; sourceTree = "<group>"; };
		16EF0838299406BB0082E9A0 /* PosesInFrame.pb.swift */ = {isa = PBXFileReference; fileEncoding = 4; lastKnownFileType = sourcecode.swift; path = PosesInFrame.pb.swift; sourceTree = "<group>"; };
		16EF0839299406BB0082E9A0 /* RawImage.pb.swift */ = {isa = PBXFileReference; fileEncoding = 4; lastKnownFileType = sourcecode.swift; path = RawImage.pb.swift; sourceTree = "<group>"; };
		16EF083A299406BB0082E9A0 /* SceneEntityDeletion.pb.swift */ = {isa = PBXFileReference; fileEncoding = 4; lastKnownFileType = sourcecode.swift; path = SceneEntityDeletion.pb.swift; sourceTree = "<group>"; };
		16EF083B299406BB0082E9A0 /* Quaternion.pb.swift */ = {isa = PBXFileReference; fileEncoding = 4; lastKnownFileType = sourcecode.swift; path = Quaternion.pb.swift; sourceTree = "<group>"; };
		16EF083C299406BB0082E9A0 /* Log.pb.swift */ = {isa = PBXFileReference; fileEncoding = 4; lastKnownFileType = sourcecode.swift; path = Log.pb.swift; sourceTree = "<group>"; };
		16EF083D299406BB0082E9A0 /* TriangleListPrimitive.pb.swift */ = {isa = PBXFileReference; fileEncoding = 4; lastKnownFileType = sourcecode.swift; path = TriangleListPrimitive.pb.swift; sourceTree = "<group>"; };
		16EF083E299406BB0082E9A0 /* CubePrimitive.pb.swift */ = {isa = PBXFileReference; fileEncoding = 4; lastKnownFileType = sourcecode.swift; path = CubePrimitive.pb.swift; sourceTree = "<group>"; };
		16EF083F299406BB0082E9A0 /* ModelPrimitive.pb.swift */ = {isa = PBXFileReference; fileEncoding = 4; lastKnownFileType = sourcecode.swift; path = ModelPrimitive.pb.swift; sourceTree = "<group>"; };
		16EF0840299406BB0082E9A0 /* PackedElementField.pb.swift */ = {isa = PBXFileReference; fileEncoding = 4; lastKnownFileType = sourcecode.swift; path = PackedElementField.pb.swift; sourceTree = "<group>"; };
		16EF0841299406BB0082E9A0 /* CylinderPrimitive.pb.swift */ = {isa = PBXFileReference; fileEncoding = 4; lastKnownFileType = sourcecode.swift; path = CylinderPrimitive.pb.swift; sourceTree = "<group>"; };
		16EF0842299406BB0082E9A0 /* LocationFix.pb.swift */ = {isa = PBXFileReference; fileEncoding = 4; lastKnownFileType = sourcecode.swift; path = LocationFix.pb.swift; sourceTree = "<group>"; };
		16EF0843299406BB0082E9A0 /* SpherePrimitive.pb.swift */ = {isa = PBXFileReference; fileEncoding = 4; lastKnownFileType = sourcecode.swift; path = SpherePrimitive.pb.swift; sourceTree = "<group>"; };
		16EF0844299406BB0082E9A0 /* Point2.pb.swift */ = {isa = PBXFileReference; fileEncoding = 4; lastKnownFileType = sourcecode.swift; path = Point2.pb.swift; sourceTree = "<group>"; };
		16EF0845299406BB0082E9A0 /* Point3.pb.swift */ = {isa = PBXFileReference; fileEncoding = 4; lastKnownFileType = sourcecode.swift; path = Point3.pb.swift; sourceTree = "<group>"; };
		16EF0846299406BB0082E9A0 /* ArrowPrimitive.pb.swift */ = {isa = PBXFileReference; fileEncoding = 4; lastKnownFileType = sourcecode.swift; path = ArrowPrimitive.pb.swift; sourceTree = "<group>"; };
		16EF0847299406BB0082E9A0 /* Pose.pb.swift */ = {isa = PBXFileReference; fileEncoding = 4; lastKnownFileType = sourcecode.swift; path = Pose.pb.swift; sourceTree = "<group>"; };
		16EF087129940C160082E9A0 /* CompressedImage.bin */ = {isa = PBXFileReference; lastKnownFileType = archive.macbinary; path = CompressedImage.bin; sourceTree = "<group>"; };
		16F34CCE29A6FE1500ACC882 /* Foxglove Demo Clip.app */ = {isa = PBXFileReference; explicitFileType = wrapper.application; includeInIndex = 0; path = "Foxglove Demo Clip.app"; sourceTree = BUILT_PRODUCTS_DIR; };
		16F34CD029A6FE1500ACC882 /* App.swift */ = {isa = PBXFileReference; lastKnownFileType = sourcecode.swift; path = App.swift; sourceTree = "<group>"; };
		16F34CD429A6FE1600ACC882 /* Assets.xcassets */ = {isa = PBXFileReference; lastKnownFileType = folder.assetcatalog; path = Assets.xcassets; sourceTree = "<group>"; };
		16F34CDA29A6FE1600ACC882 /* WebSocketDemo-AppClip.entitlements */ = {isa = PBXFileReference; lastKnownFileType = text.plist.entitlements; path = "WebSocketDemo-AppClip.entitlements"; sourceTree = "<group>"; };
		16F34CE729A6FF3200ACC882 /* WebSocketDemo_Shared.framework */ = {isa = PBXFileReference; explicitFileType = wrapper.framework; includeInIndex = 0; path = WebSocketDemo_Shared.framework; sourceTree = BUILT_PRODUCTS_DIR; };
/* End PBXFileReference section */

/* Begin PBXFrameworksBuildPhase section */
		1640D49729954ABD00C0D669 /* Frameworks */ = {
			isa = PBXFrameworksBuildPhase;
			buildActionMask = 2147483647;
			files = (
			);
			runOnlyForDeploymentPostprocessing = 0;
		};
		16EF08032992D8A70082E9A0 /* Frameworks */ = {
			isa = PBXFrameworksBuildPhase;
			buildActionMask = 2147483647;
			files = (
				16F34D2229A7096200ACC882 /* WebSocketDemo_Shared.framework in Frameworks */,
				16EF086D299408100082E9A0 /* SwiftProtobuf in Frameworks */,
			);
			runOnlyForDeploymentPostprocessing = 0;
		};
		16F34CCB29A6FE1500ACC882 /* Frameworks */ = {
			isa = PBXFrameworksBuildPhase;
			buildActionMask = 2147483647;
			files = (
				16F34D2529A7097300ACC882 /* WebSocketDemo_Shared.framework in Frameworks */,
			);
			runOnlyForDeploymentPostprocessing = 0;
		};
		16F34CE429A6FF3200ACC882 /* Frameworks */ = {
			isa = PBXFrameworksBuildPhase;
			buildActionMask = 2147483647;
			files = (
				16F34D1F29A6FFDC00ACC882 /* SwiftProtobuf in Frameworks */,
			);
			runOnlyForDeploymentPostprocessing = 0;
		};
/* End PBXFrameworksBuildPhase section */

/* Begin PBXGroup section */
		1640D49B29954ABD00C0D669 /* WebSocketDemo-Watch */ = {
			isa = PBXGroup;
			children = (
				164DE46A299559EA002B3560 /* WebSocketDemo-Watch.entitlements */,
				1640D49C29954ABD00C0D669 /* App.swift */,
				1640D49E29954ABD00C0D669 /* ContentView.swift */,
				1640D4A029954ABD00C0D669 /* Assets.xcassets */,
			);
			path = "WebSocketDemo-Watch";
			sourceTree = "<group>";
		};
		164DE46C29955C7C002B3560 /* Frameworks */ = {
			isa = PBXGroup;
			children = (
			);
			name = Frameworks;
			sourceTree = "<group>";
		};
		16EF07FD2992D8A70082E9A0 = {
			isa = PBXGroup;
			children = (
				16EF08082992D8A70082E9A0 /* WebSocketDemo */,
				1640D49B29954ABD00C0D669 /* WebSocketDemo-Watch */,
				16F34CCF29A6FE1500ACC882 /* WebSocketDemo-AppClip */,
				16F34CE829A6FF3200ACC882 /* WebSocketDemo-Shared */,
				16EF08072992D8A70082E9A0 /* Products */,
				164DE46C29955C7C002B3560 /* Frameworks */,
			);
			indentWidth = 2;
			sourceTree = "<group>";
		};
		16EF08072992D8A70082E9A0 /* Products */ = {
			isa = PBXGroup;
			children = (
				16EF08062992D8A70082E9A0 /* Foxglove Demo.app */,
				1640D49A29954ABD00C0D669 /* Foxglove Demo Watch.app */,
				16F34CCE29A6FE1500ACC882 /* Foxglove Demo Clip.app */,
				16F34CE729A6FF3200ACC882 /* WebSocketDemo_Shared.framework */,
			);
			name = Products;
			sourceTree = "<group>";
		};
		16EF08082992D8A70082E9A0 /* WebSocketDemo */ = {
			isa = PBXGroup;
			children = (
				1640D46F2994B5A400C0D669 /* WebSocketDemo.entitlements */,
				16EF080D2992D8A90082E9A0 /* Assets.xcassets */,
				16EF08092992D8A70082E9A0 /* App.swift */,
			);
			path = WebSocketDemo;
			sourceTree = "<group>";
		};
		16EF0823299406BB0082E9A0 /* Schemas */ = {
			isa = PBXGroup;
			children = (
				16EF087029940C160082E9A0 /* bin */,
				16EF0824299406BB0082E9A0 /* foxglove */,
			);
			path = Schemas;
			sourceTree = "<group>";
		};
		16EF0824299406BB0082E9A0 /* foxglove */ = {
			isa = PBXGroup;
			children = (
				16EF0825299406BB0082E9A0 /* PointsAnnotation.pb.swift */,
				16EF0826299406BB0082E9A0 /* ImageAnnotations.pb.swift */,
				16EF0827299406BB0082E9A0 /* Vector3.pb.swift */,
				16EF0828299406BB0082E9A0 /* Vector2.pb.swift */,
				16EF0829299406BB0082E9A0 /* Color.pb.swift */,
				16EF082A299406BB0082E9A0 /* Grid.pb.swift */,
				16EF082B299406BB0082E9A0 /* KeyValuePair.pb.swift */,
				16EF082C299406BB0082E9A0 /* PointCloud.pb.swift */,
				16EF082D299406BB0082E9A0 /* LaserScan.pb.swift */,
				16EF082E299406BB0082E9A0 /* LinePrimitive.pb.swift */,
				16EF082F299406BB0082E9A0 /* GeoJSON.pb.swift */,
				16EF0830299406BB0082E9A0 /* SceneUpdate.pb.swift */,
				16EF0831299406BB0082E9A0 /* CompressedImage.pb.swift */,
				16EF0832299406BB0082E9A0 /* PoseInFrame.pb.swift */,
				16EF0833299406BB0082E9A0 /* CameraCalibration.pb.swift */,
				16EF0834299406BB0082E9A0 /* SceneEntity.pb.swift */,
				16EF0835299406BB0082E9A0 /* FrameTransform.pb.swift */,
				16EF0836299406BB0082E9A0 /* CircleAnnotation.pb.swift */,
				16EF0837299406BB0082E9A0 /* TextPrimitive.pb.swift */,
				16EF0838299406BB0082E9A0 /* PosesInFrame.pb.swift */,
				16EF0839299406BB0082E9A0 /* RawImage.pb.swift */,
				16EF083A299406BB0082E9A0 /* SceneEntityDeletion.pb.swift */,
				16EF083B299406BB0082E9A0 /* Quaternion.pb.swift */,
				16EF083C299406BB0082E9A0 /* Log.pb.swift */,
				16EF083D299406BB0082E9A0 /* TriangleListPrimitive.pb.swift */,
				16EF083E299406BB0082E9A0 /* CubePrimitive.pb.swift */,
				16EF083F299406BB0082E9A0 /* ModelPrimitive.pb.swift */,
				16EF0840299406BB0082E9A0 /* PackedElementField.pb.swift */,
				16EF0841299406BB0082E9A0 /* CylinderPrimitive.pb.swift */,
				16EF0842299406BB0082E9A0 /* LocationFix.pb.swift */,
				16EF0843299406BB0082E9A0 /* SpherePrimitive.pb.swift */,
				16EF0844299406BB0082E9A0 /* Point2.pb.swift */,
				16EF0845299406BB0082E9A0 /* Point3.pb.swift */,
				16EF0846299406BB0082E9A0 /* ArrowPrimitive.pb.swift */,
				16EF0847299406BB0082E9A0 /* Pose.pb.swift */,
			);
			path = foxglove;
			sourceTree = "<group>";
		};
		16EF087029940C160082E9A0 /* bin */ = {
			isa = PBXGroup;
			children = (
				16EF087129940C160082E9A0 /* CompressedImage.bin */,
				169393CC2994522A00A78475 /* LocationFix.bin */,
			);
			path = bin;
			sourceTree = "<group>";
		};
		16F34CCF29A6FE1500ACC882 /* WebSocketDemo-AppClip */ = {
			isa = PBXGroup;
			children = (
				16F34CD029A6FE1500ACC882 /* App.swift */,
				16F34CD429A6FE1600ACC882 /* Assets.xcassets */,
				16F34CDA29A6FE1600ACC882 /* WebSocketDemo-AppClip.entitlements */,
			);
			path = "WebSocketDemo-AppClip";
			sourceTree = "<group>";
		};
		16F34CE829A6FF3200ACC882 /* WebSocketDemo-Shared */ = {
			isa = PBXGroup;
			children = (
				16EF080B2992D8A70082E9A0 /* ContentView.swift */,
				164DE4732995BCEC002B3560 /* CardToggle.swift */,
				16B2ED27299628DF00042516 /* createQRCode.swift */,
				16EF08172993021C0082E9A0 /* getIPAddress.swift */,
				1640D46B29945B7200C0D669 /* getCPUUsage.swift */,
				1640D46D2994AB7400C0D669 /* getMemoryUsage.swift */,
				16EF0819299302570082E9A0 /* FoxgloveServer.swift */,
				16EF081B299363840082E9A0 /* schemas.swift */,
				16EF081D2993777F0082E9A0 /* Server.swift */,
				16EF0823299406BB0082E9A0 /* Schemas */,
			);
			path = "WebSocketDemo-Shared";
			sourceTree = "<group>";
		};
/* End PBXGroup section */

/* Begin PBXHeadersBuildPhase section */
		16F34CE229A6FF3200ACC882 /* Headers */ = {
			isa = PBXHeadersBuildPhase;
			buildActionMask = 2147483647;
			files = (
			);
			runOnlyForDeploymentPostprocessing = 0;
		};
/* End PBXHeadersBuildPhase section */

/* Begin PBXNativeTarget section */
		1640D49929954ABD00C0D669 /* Foxglove Demo Watch */ = {
			isa = PBXNativeTarget;
			buildConfigurationList = 1640D4A729954ABE00C0D669 /* Build configuration list for PBXNativeTarget "Foxglove Demo Watch" */;
			buildPhases = (
				1640D49629954ABD00C0D669 /* Sources */,
				1640D49729954ABD00C0D669 /* Frameworks */,
				1640D49829954ABD00C0D669 /* Resources */,
			);
			buildRules = (
			);
			dependencies = (
			);
			name = "Foxglove Demo Watch";
			productName = "Foxglove Bridge Companion Watch App";
			productReference = 1640D49A29954ABD00C0D669 /* Foxglove Demo Watch.app */;
			productType = "com.apple.product-type.application";
		};
		16EF08052992D8A70082E9A0 /* Foxglove Demo */ = {
			isa = PBXNativeTarget;
			buildConfigurationList = 16EF08142992D8A90082E9A0 /* Build configuration list for PBXNativeTarget "Foxglove Demo" */;
			buildPhases = (
				16EF08022992D8A70082E9A0 /* Sources */,
				16EF08032992D8A70082E9A0 /* Frameworks */,
				16EF08042992D8A70082E9A0 /* Resources */,
				164DE47029955C7C002B3560 /* Embed Watch Content */,
				16F34CE129A6FE1600ACC882 /* Embed App Clips */,
				1601568929A70F0000ECBCC3 /* CopyFiles */,
			);
			buildRules = (
			);
			dependencies = (
				16F34D2129A7095C00ACC882 /* PBXTargetDependency */,
				164DE47229956493002B3560 /* PBXTargetDependency */,
				16F34CDC29A6FE1600ACC882 /* PBXTargetDependency */,
			);
			name = "Foxglove Demo";
			packageProductDependencies = (
				16EF086C299408100082E9A0 /* SwiftProtobuf */,
			);
			productName = "Foxglove Bridge";
			productReference = 16EF08062992D8A70082E9A0 /* Foxglove Demo.app */;
			productType = "com.apple.product-type.application";
		};
		16F34CCD29A6FE1500ACC882 /* Foxglove Demo Clip */ = {
			isa = PBXNativeTarget;
			buildConfigurationList = 16F34CDE29A6FE1600ACC882 /* Build configuration list for PBXNativeTarget "Foxglove Demo Clip" */;
			buildPhases = (
				16F34CCA29A6FE1500ACC882 /* Sources */,
				16F34CCB29A6FE1500ACC882 /* Frameworks */,
				16F34CCC29A6FE1500ACC882 /* Resources */,
				16F34D2729A70C7600ACC882 /* CopyFiles */,
			);
			buildRules = (
			);
			dependencies = (
				16F34D2429A7096F00ACC882 /* PBXTargetDependency */,
			);
			name = "Foxglove Demo Clip";
			productName = "Foxglove Demo Clip";
			productReference = 16F34CCE29A6FE1500ACC882 /* Foxglove Demo Clip.app */;
			productType = "com.apple.product-type.application.on-demand-install-capable";
		};
		16F34CE629A6FF3200ACC882 /* WebSocketDemo-Shared */ = {
			isa = PBXNativeTarget;
			buildConfigurationList = 16F34CEB29A6FF3200ACC882 /* Build configuration list for PBXNativeTarget "WebSocketDemo-Shared" */;
			buildPhases = (
				16F34CE229A6FF3200ACC882 /* Headers */,
				16F34CE329A6FF3200ACC882 /* Sources */,
				16F34CE429A6FF3200ACC882 /* Frameworks */,
				16F34CE529A6FF3200ACC882 /* Resources */,
			);
			buildRules = (
			);
			dependencies = (
				16F34D1D29A6FFD200ACC882 /* PBXTargetDependency */,
			);
			name = "WebSocketDemo-Shared";
			packageProductDependencies = (
				16F34D1E29A6FFDC00ACC882 /* SwiftProtobuf */,
			);
			productName = "WebSocketDemo-Shared";
			productReference = 16F34CE729A6FF3200ACC882 /* WebSocketDemo_Shared.framework */;
			productType = "com.apple.product-type.framework";
		};
/* End PBXNativeTarget section */

/* Begin PBXProject section */
		16EF07FE2992D8A70082E9A0 /* Project object */ = {
			isa = PBXProject;
			attributes = {
				BuildIndependentTargetsInParallel = 1;
				LastSwiftUpdateCheck = 1420;
				LastUpgradeCheck = 1420;
				TargetAttributes = {
					1640D49929954ABD00C0D669 = {
						CreatedOnToolsVersion = 14.2;
					};
					16EF08052992D8A70082E9A0 = {
						CreatedOnToolsVersion = 14.2;
					};
					16F34CCD29A6FE1500ACC882 = {
						CreatedOnToolsVersion = 14.2;
					};
					16F34CE629A6FF3200ACC882 = {
						CreatedOnToolsVersion = 14.2;
					};
				};
			};
			buildConfigurationList = 16EF08012992D8A70082E9A0 /* Build configuration list for PBXProject "WebSocketDemo" */;
			compatibilityVersion = "Xcode 14.0";
			developmentRegion = en;
			hasScannedForEncodings = 0;
			knownRegions = (
				en,
				Base,
			);
			mainGroup = 16EF07FD2992D8A70082E9A0;
			packageReferences = (
				16EF086B299408100082E9A0 /* XCRemoteSwiftPackageReference "swift-protobuf" */,
			);
			productRefGroup = 16EF08072992D8A70082E9A0 /* Products */;
			projectDirPath = "";
			projectRoot = "";
			targets = (
				16EF08052992D8A70082E9A0 /* Foxglove Demo */,
				1640D49929954ABD00C0D669 /* Foxglove Demo Watch */,
				16F34CCD29A6FE1500ACC882 /* Foxglove Demo Clip */,
				16F34CE629A6FF3200ACC882 /* WebSocketDemo-Shared */,
			);
		};
/* End PBXProject section */

/* Begin PBXResourcesBuildPhase section */
		1640D49829954ABD00C0D669 /* Resources */ = {
			isa = PBXResourcesBuildPhase;
			buildActionMask = 2147483647;
			files = (
				1640D4A129954ABD00C0D669 /* Assets.xcassets in Resources */,
			);
			runOnlyForDeploymentPostprocessing = 0;
		};
		16EF08042992D8A70082E9A0 /* Resources */ = {
			isa = PBXResourcesBuildPhase;
			buildActionMask = 2147483647;
			files = (
				16EF080E2992D8A90082E9A0 /* Assets.xcassets in Resources */,
			);
			runOnlyForDeploymentPostprocessing = 0;
		};
		16F34CCC29A6FE1500ACC882 /* Resources */ = {
			isa = PBXResourcesBuildPhase;
			buildActionMask = 2147483647;
			files = (
				16F34CD529A6FE1600ACC882 /* Assets.xcassets in Resources */,
			);
			runOnlyForDeploymentPostprocessing = 0;
		};
		16F34CE529A6FF3200ACC882 /* Resources */ = {
			isa = PBXResourcesBuildPhase;
			buildActionMask = 2147483647;
			files = (
				16F34CF829A6FFA300ACC882 /* LocationFix.bin in Resources */,
				16F34CF729A6FFA300ACC882 /* CompressedImage.bin in Resources */,
			);
			runOnlyForDeploymentPostprocessing = 0;
		};
/* End PBXResourcesBuildPhase section */

/* Begin PBXSourcesBuildPhase section */
		1640D49629954ABD00C0D669 /* Sources */ = {
			isa = PBXSourcesBuildPhase;
			buildActionMask = 2147483647;
			files = (
				1640D49F29954ABD00C0D669 /* ContentView.swift in Sources */,
				1640D49D29954ABD00C0D669 /* App.swift in Sources */,
			);
			runOnlyForDeploymentPostprocessing = 0;
		};
		16EF08022992D8A70082E9A0 /* Sources */ = {
			isa = PBXSourcesBuildPhase;
			buildActionMask = 2147483647;
			files = (
				16EF080A2992D8A70082E9A0 /* App.swift in Sources */,
			);
			runOnlyForDeploymentPostprocessing = 0;
		};
		16F34CCA29A6FE1500ACC882 /* Sources */ = {
			isa = PBXSourcesBuildPhase;
			buildActionMask = 2147483647;
			files = (
				16F34CD129A6FE1500ACC882 /* App.swift in Sources */,
			);
			runOnlyForDeploymentPostprocessing = 0;
		};
		16F34CE329A6FF3200ACC882 /* Sources */ = {
			isa = PBXSourcesBuildPhase;
			buildActionMask = 2147483647;
			files = (
				16F34D1029A6FFAB00ACC882 /* CompressedImage.pb.swift in Sources */,
				16F34D0829A6FFAB00ACC882 /* LocationFix.pb.swift in Sources */,
				16F34D1B29A6FFAB00ACC882 /* SceneEntity.pb.swift in Sources */,
				16F34D1529A6FFAB00ACC882 /* ModelPrimitive.pb.swift in Sources */,
				16F34D0B29A6FFAB00ACC882 /* FrameTransform.pb.swift in Sources */,
				16F34CFF29A6FFAB00ACC882 /* Vector2.pb.swift in Sources */,
				16F34CF329A6FF9C00ACC882 /* FoxgloveServer.swift in Sources */,
				16F34D1429A6FFAB00ACC882 /* PosesInFrame.pb.swift in Sources */,
				16F34D1729A6FFAB00ACC882 /* Pose.pb.swift in Sources */,
				16F34CF929A6FFAB00ACC882 /* CubePrimitive.pb.swift in Sources */,
				16F34CF129A6FF9C00ACC882 /* getIPAddress.swift in Sources */,
				16F34D0629A6FFAB00ACC882 /* PointsAnnotation.pb.swift in Sources */,
				16F34CF429A6FF9C00ACC882 /* createQRCode.swift in Sources */,
				16F34D0F29A6FFAB00ACC882 /* CylinderPrimitive.pb.swift in Sources */,
				16F34CEE29A6FF9C00ACC882 /* Server.swift in Sources */,
				16F34D0D29A6FFAB00ACC882 /* TextPrimitive.pb.swift in Sources */,
				16F34D0129A6FFAB00ACC882 /* SceneUpdate.pb.swift in Sources */,
				16F34D0729A6FFAB00ACC882 /* Color.pb.swift in Sources */,
				16F34CF629A6FF9C00ACC882 /* getMemoryUsage.swift in Sources */,
				16F34CFD29A6FFAB00ACC882 /* ArrowPrimitive.pb.swift in Sources */,
				16F34D0429A6FFAB00ACC882 /* SceneEntityDeletion.pb.swift in Sources */,
				16F34CFB29A6FFAB00ACC882 /* Point2.pb.swift in Sources */,
				16F34D1829A6FFAB00ACC882 /* Grid.pb.swift in Sources */,
				16F34D0329A6FFAB00ACC882 /* CameraCalibration.pb.swift in Sources */,
				16F34CF529A6FF9C00ACC882 /* schemas.swift in Sources */,
				16F34D1329A6FFAB00ACC882 /* TriangleListPrimitive.pb.swift in Sources */,
				16F34D0C29A6FFAB00ACC882 /* CircleAnnotation.pb.swift in Sources */,
				16F34D0229A6FFAB00ACC882 /* Quaternion.pb.swift in Sources */,
				16F34D0A29A6FFAB00ACC882 /* LaserScan.pb.swift in Sources */,
				16F34CFE29A6FFAB00ACC882 /* Vector3.pb.swift in Sources */,
				16F34D1A29A6FFAB00ACC882 /* LinePrimitive.pb.swift in Sources */,
				16F34D1629A6FFAB00ACC882 /* PoseInFrame.pb.swift in Sources */,
				16F34CF229A6FF9C00ACC882 /* getCPUUsage.swift in Sources */,
				16F34CEF29A6FF9C00ACC882 /* CardToggle.swift in Sources */,
				16F34CFA29A6FFAB00ACC882 /* GeoJSON.pb.swift in Sources */,
				16F34D1229A6FFAB00ACC882 /* RawImage.pb.swift in Sources */,
				16F34D1929A6FFAB00ACC882 /* KeyValuePair.pb.swift in Sources */,
				16F34CFC29A6FFAB00ACC882 /* Point3.pb.swift in Sources */,
				16F34D0E29A6FFAB00ACC882 /* PackedElementField.pb.swift in Sources */,
				16F34D1129A6FFAB00ACC882 /* Log.pb.swift in Sources */,
				16F34D0529A6FFAB00ACC882 /* SpherePrimitive.pb.swift in Sources */,
				16F34D0029A6FFAB00ACC882 /* ImageAnnotations.pb.swift in Sources */,
				16F34CF029A6FF9C00ACC882 /* ContentView.swift in Sources */,
				16F34D0929A6FFAB00ACC882 /* PointCloud.pb.swift in Sources */,
			);
			runOnlyForDeploymentPostprocessing = 0;
		};
/* End PBXSourcesBuildPhase section */

/* Begin PBXTargetDependency section */
		164DE47229956493002B3560 /* PBXTargetDependency */ = {
			isa = PBXTargetDependency;
			target = 1640D49929954ABD00C0D669 /* Foxglove Demo Watch */;
			targetProxy = 164DE47129956493002B3560 /* PBXContainerItemProxy */;
		};
		16F34CDC29A6FE1600ACC882 /* PBXTargetDependency */ = {
			isa = PBXTargetDependency;
			target = 16F34CCD29A6FE1500ACC882 /* Foxglove Demo Clip */;
			targetProxy = 16F34CDB29A6FE1600ACC882 /* PBXContainerItemProxy */;
		};
		16F34D1D29A6FFD200ACC882 /* PBXTargetDependency */ = {
			isa = PBXTargetDependency;
			productRef = 16F34D1C29A6FFD200ACC882 /* SwiftProtobuf */;
		};
		16F34D2129A7095C00ACC882 /* PBXTargetDependency */ = {
			isa = PBXTargetDependency;
			target = 16F34CE629A6FF3200ACC882 /* WebSocketDemo-Shared */;
			targetProxy = 16F34D2029A7095C00ACC882 /* PBXContainerItemProxy */;
		};
		16F34D2429A7096F00ACC882 /* PBXTargetDependency */ = {
			isa = PBXTargetDependency;
			target = 16F34CE629A6FF3200ACC882 /* WebSocketDemo-Shared */;
			targetProxy = 16F34D2329A7096F00ACC882 /* PBXContainerItemProxy */;
		};
/* End PBXTargetDependency section */

/* Begin XCBuildConfiguration section */
		1640D4A529954ABE00C0D669 /* Debug */ = {
			isa = XCBuildConfiguration;
			buildSettings = {
				ASSETCATALOG_COMPILER_APPICON_NAME = AppIcon;
				ASSETCATALOG_COMPILER_GLOBAL_ACCENT_COLOR_NAME = AccentColor;
				CODE_SIGN_ENTITLEMENTS = "WebSocketDemo-Watch/WebSocketDemo-Watch.entitlements";
				CODE_SIGN_STYLE = Automatic;
				CURRENT_PROJECT_VERSION = 1;
				DEVELOPMENT_TEAM = 63ZWV795BK;
				ENABLE_PREVIEWS = YES;
				GENERATE_INFOPLIST_FILE = YES;
				INFOPLIST_KEY_CFBundleDisplayName = "Foxglove Demo";
				INFOPLIST_KEY_NSHealthShareUsageDescription = "Health data can be streamed over the WebSocket.";
				INFOPLIST_KEY_NSHealthUpdateUsageDescription = "Health data can be streamed over the WebSocket.";
				INFOPLIST_KEY_UISupportedInterfaceOrientations = "UIInterfaceOrientationPortrait UIInterfaceOrientationPortraitUpsideDown";
				INFOPLIST_KEY_WKCompanionAppBundleIdentifier = "dev.foxglove.websocket-bridge-demo";
				LD_RUNPATH_SEARCH_PATHS = (
					"$(inherited)",
					"@executable_path/Frameworks",
				);
				MARKETING_VERSION = 1.0;
				PRODUCT_BUNDLE_IDENTIFIER = "dev.foxglove.websocket-bridge-demo.watchkitapp";
				PRODUCT_NAME = "$(TARGET_NAME)";
				SDKROOT = watchos;
				SKIP_INSTALL = YES;
				SWIFT_EMIT_LOC_STRINGS = YES;
				SWIFT_VERSION = 5.0;
				TARGETED_DEVICE_FAMILY = 4;
				WATCHOS_DEPLOYMENT_TARGET = 9.0;
			};
			name = Debug;
		};
		1640D4A629954ABE00C0D669 /* Release */ = {
			isa = XCBuildConfiguration;
			buildSettings = {
				ASSETCATALOG_COMPILER_APPICON_NAME = AppIcon;
				ASSETCATALOG_COMPILER_GLOBAL_ACCENT_COLOR_NAME = AccentColor;
				CODE_SIGN_ENTITLEMENTS = "WebSocketDemo-Watch/WebSocketDemo-Watch.entitlements";
				CODE_SIGN_STYLE = Automatic;
				CURRENT_PROJECT_VERSION = 1;
				DEVELOPMENT_TEAM = 63ZWV795BK;
				ENABLE_PREVIEWS = YES;
				GENERATE_INFOPLIST_FILE = YES;
				INFOPLIST_KEY_CFBundleDisplayName = "Foxglove Demo";
				INFOPLIST_KEY_NSHealthShareUsageDescription = "Health data can be streamed over the WebSocket.";
				INFOPLIST_KEY_NSHealthUpdateUsageDescription = "Health data can be streamed over the WebSocket.";
				INFOPLIST_KEY_UISupportedInterfaceOrientations = "UIInterfaceOrientationPortrait UIInterfaceOrientationPortraitUpsideDown";
				INFOPLIST_KEY_WKCompanionAppBundleIdentifier = "dev.foxglove.websocket-bridge-demo";
				LD_RUNPATH_SEARCH_PATHS = (
					"$(inherited)",
					"@executable_path/Frameworks",
				);
				MARKETING_VERSION = 1.0;
				PRODUCT_BUNDLE_IDENTIFIER = "dev.foxglove.websocket-bridge-demo.watchkitapp";
				PRODUCT_NAME = "$(TARGET_NAME)";
				SDKROOT = watchos;
				SKIP_INSTALL = YES;
				SWIFT_EMIT_LOC_STRINGS = YES;
				SWIFT_VERSION = 5.0;
				TARGETED_DEVICE_FAMILY = 4;
				WATCHOS_DEPLOYMENT_TARGET = 9.0;
			};
			name = Release;
		};
		16EF08122992D8A90082E9A0 /* Debug */ = {
			isa = XCBuildConfiguration;
			buildSettings = {
				ALWAYS_SEARCH_USER_PATHS = NO;
				CLANG_ANALYZER_NONNULL = YES;
				CLANG_ANALYZER_NUMBER_OBJECT_CONVERSION = YES_AGGRESSIVE;
				CLANG_CXX_LANGUAGE_STANDARD = "gnu++20";
				CLANG_ENABLE_MODULES = YES;
				CLANG_ENABLE_OBJC_ARC = YES;
				CLANG_ENABLE_OBJC_WEAK = YES;
				CLANG_WARN_BLOCK_CAPTURE_AUTORELEASING = YES;
				CLANG_WARN_BOOL_CONVERSION = YES;
				CLANG_WARN_COMMA = YES;
				CLANG_WARN_CONSTANT_CONVERSION = YES;
				CLANG_WARN_DEPRECATED_OBJC_IMPLEMENTATIONS = YES;
				CLANG_WARN_DIRECT_OBJC_ISA_USAGE = YES_ERROR;
				CLANG_WARN_DOCUMENTATION_COMMENTS = YES;
				CLANG_WARN_EMPTY_BODY = YES;
				CLANG_WARN_ENUM_CONVERSION = YES;
				CLANG_WARN_INFINITE_RECURSION = YES;
				CLANG_WARN_INT_CONVERSION = YES;
				CLANG_WARN_NON_LITERAL_NULL_CONVERSION = YES;
				CLANG_WARN_OBJC_IMPLICIT_RETAIN_SELF = YES;
				CLANG_WARN_OBJC_LITERAL_CONVERSION = YES;
				CLANG_WARN_OBJC_ROOT_CLASS = YES_ERROR;
				CLANG_WARN_QUOTED_INCLUDE_IN_FRAMEWORK_HEADER = YES;
				CLANG_WARN_RANGE_LOOP_ANALYSIS = YES;
				CLANG_WARN_STRICT_PROTOTYPES = YES;
				CLANG_WARN_SUSPICIOUS_MOVE = YES;
				CLANG_WARN_UNGUARDED_AVAILABILITY = YES_AGGRESSIVE;
				CLANG_WARN_UNREACHABLE_CODE = YES;
				CLANG_WARN__DUPLICATE_METHOD_MATCH = YES;
				COPY_PHASE_STRIP = NO;
				DEBUG_INFORMATION_FORMAT = dwarf;
				ENABLE_STRICT_OBJC_MSGSEND = YES;
				ENABLE_TESTABILITY = YES;
				GCC_C_LANGUAGE_STANDARD = gnu11;
				GCC_DYNAMIC_NO_PIC = NO;
				GCC_NO_COMMON_BLOCKS = YES;
				GCC_OPTIMIZATION_LEVEL = 0;
				GCC_PREPROCESSOR_DEFINITIONS = (
					"DEBUG=1",
					"$(inherited)",
				);
				GCC_WARN_64_TO_32_BIT_CONVERSION = YES;
				GCC_WARN_ABOUT_RETURN_TYPE = YES_ERROR;
				GCC_WARN_UNDECLARED_SELECTOR = YES;
				GCC_WARN_UNINITIALIZED_AUTOS = YES_AGGRESSIVE;
				GCC_WARN_UNUSED_FUNCTION = YES;
				GCC_WARN_UNUSED_VARIABLE = YES;
				IPHONEOS_DEPLOYMENT_TARGET = 16.2;
				MTL_ENABLE_DEBUG_INFO = INCLUDE_SOURCE;
				MTL_FAST_MATH = YES;
				ONLY_ACTIVE_ARCH = YES;
				SDKROOT = iphoneos;
				SWIFT_ACTIVE_COMPILATION_CONDITIONS = DEBUG;
				SWIFT_OPTIMIZATION_LEVEL = "-Onone";
			};
			name = Debug;
		};
		16EF08132992D8A90082E9A0 /* Release */ = {
			isa = XCBuildConfiguration;
			buildSettings = {
				ALWAYS_SEARCH_USER_PATHS = NO;
				CLANG_ANALYZER_NONNULL = YES;
				CLANG_ANALYZER_NUMBER_OBJECT_CONVERSION = YES_AGGRESSIVE;
				CLANG_CXX_LANGUAGE_STANDARD = "gnu++20";
				CLANG_ENABLE_MODULES = YES;
				CLANG_ENABLE_OBJC_ARC = YES;
				CLANG_ENABLE_OBJC_WEAK = YES;
				CLANG_WARN_BLOCK_CAPTURE_AUTORELEASING = YES;
				CLANG_WARN_BOOL_CONVERSION = YES;
				CLANG_WARN_COMMA = YES;
				CLANG_WARN_CONSTANT_CONVERSION = YES;
				CLANG_WARN_DEPRECATED_OBJC_IMPLEMENTATIONS = YES;
				CLANG_WARN_DIRECT_OBJC_ISA_USAGE = YES_ERROR;
				CLANG_WARN_DOCUMENTATION_COMMENTS = YES;
				CLANG_WARN_EMPTY_BODY = YES;
				CLANG_WARN_ENUM_CONVERSION = YES;
				CLANG_WARN_INFINITE_RECURSION = YES;
				CLANG_WARN_INT_CONVERSION = YES;
				CLANG_WARN_NON_LITERAL_NULL_CONVERSION = YES;
				CLANG_WARN_OBJC_IMPLICIT_RETAIN_SELF = YES;
				CLANG_WARN_OBJC_LITERAL_CONVERSION = YES;
				CLANG_WARN_OBJC_ROOT_CLASS = YES_ERROR;
				CLANG_WARN_QUOTED_INCLUDE_IN_FRAMEWORK_HEADER = YES;
				CLANG_WARN_RANGE_LOOP_ANALYSIS = YES;
				CLANG_WARN_STRICT_PROTOTYPES = YES;
				CLANG_WARN_SUSPICIOUS_MOVE = YES;
				CLANG_WARN_UNGUARDED_AVAILABILITY = YES_AGGRESSIVE;
				CLANG_WARN_UNREACHABLE_CODE = YES;
				CLANG_WARN__DUPLICATE_METHOD_MATCH = YES;
				COPY_PHASE_STRIP = NO;
				DEBUG_INFORMATION_FORMAT = "dwarf-with-dsym";
				ENABLE_NS_ASSERTIONS = NO;
				ENABLE_STRICT_OBJC_MSGSEND = YES;
				GCC_C_LANGUAGE_STANDARD = gnu11;
				GCC_NO_COMMON_BLOCKS = YES;
				GCC_WARN_64_TO_32_BIT_CONVERSION = YES;
				GCC_WARN_ABOUT_RETURN_TYPE = YES_ERROR;
				GCC_WARN_UNDECLARED_SELECTOR = YES;
				GCC_WARN_UNINITIALIZED_AUTOS = YES_AGGRESSIVE;
				GCC_WARN_UNUSED_FUNCTION = YES;
				GCC_WARN_UNUSED_VARIABLE = YES;
				IPHONEOS_DEPLOYMENT_TARGET = 16.2;
				MTL_ENABLE_DEBUG_INFO = NO;
				MTL_FAST_MATH = YES;
				SDKROOT = iphoneos;
				SWIFT_COMPILATION_MODE = wholemodule;
				SWIFT_OPTIMIZATION_LEVEL = "-O";
				VALIDATE_PRODUCT = YES;
			};
			name = Release;
		};
		16EF08152992D8A90082E9A0 /* Debug */ = {
			isa = XCBuildConfiguration;
			buildSettings = {
				ALWAYS_EMBED_SWIFT_STANDARD_LIBRARIES = YES;
				ASSETCATALOG_COMPILER_APPICON_NAME = AppIcon;
				ASSETCATALOG_COMPILER_GLOBAL_ACCENT_COLOR_NAME = AccentColor;
				CODE_SIGN_ENTITLEMENTS = WebSocketDemo/WebSocketDemo.entitlements;
				CODE_SIGN_IDENTITY = "Apple Development";
				CODE_SIGN_STYLE = Automatic;
				CURRENT_PROJECT_VERSION = 1;
				DEVELOPMENT_TEAM = 63ZWV795BK;
				ENABLE_PREVIEWS = YES;
				GENERATE_INFOPLIST_FILE = YES;
				INFOPLIST_KEY_CFBundleDisplayName = "";
				INFOPLIST_KEY_LSApplicationCategoryType = "public.app-category.developer-tools";
				INFOPLIST_KEY_NSCameraUsageDescription = "Camera images can be streamed over the WebSocket.";
				INFOPLIST_KEY_NSHealthShareUsageDescription = "Health data can be streamed over the WebSocket.";
				INFOPLIST_KEY_NSHealthUpdateUsageDescription = "Health data can be streamed over the WebSocket.";
				INFOPLIST_KEY_NSLocationWhenInUseUsageDescription = "GPS location can be streamed over the WebSocket.";
				INFOPLIST_KEY_UIApplicationSceneManifest_Generation = YES;
				INFOPLIST_KEY_UIApplicationSupportsIndirectInputEvents = YES;
				INFOPLIST_KEY_UILaunchScreen_Generation = YES;
				INFOPLIST_KEY_UISupportedInterfaceOrientations = UIInterfaceOrientationPortrait;
				INFOPLIST_KEY_UISupportedInterfaceOrientations_iPad = "UIInterfaceOrientationLandscapeLeft UIInterfaceOrientationLandscapeRight UIInterfaceOrientationPortrait UIInterfaceOrientationPortraitUpsideDown";
				IPHONEOS_DEPLOYMENT_TARGET = 16.0;
				LD_RUNPATH_SEARCH_PATHS = (
					"$(inherited)",
					"@executable_path/Frameworks",
				);
				MARKETING_VERSION = 1.0;
				PRODUCT_BUNDLE_IDENTIFIER = "dev.foxglove.websocket-bridge-demo";
				PRODUCT_NAME = "$(TARGET_NAME)";
				PROVISIONING_PROFILE_SPECIFIER = "";
				SWIFT_EMIT_LOC_STRINGS = YES;
				SWIFT_VERSION = 5.0;
				TARGETED_DEVICE_FAMILY = "1,2";
			};
			name = Debug;
		};
		16EF08162992D8A90082E9A0 /* Release */ = {
			isa = XCBuildConfiguration;
			buildSettings = {
				ALWAYS_EMBED_SWIFT_STANDARD_LIBRARIES = YES;
				ASSETCATALOG_COMPILER_APPICON_NAME = AppIcon;
				ASSETCATALOG_COMPILER_GLOBAL_ACCENT_COLOR_NAME = AccentColor;
				CODE_SIGN_ENTITLEMENTS = WebSocketDemo/WebSocketDemo.entitlements;
				CODE_SIGN_IDENTITY = "Apple Development";
				CODE_SIGN_STYLE = Automatic;
				CURRENT_PROJECT_VERSION = 1;
				DEVELOPMENT_TEAM = 63ZWV795BK;
				ENABLE_PREVIEWS = YES;
				GENERATE_INFOPLIST_FILE = YES;
				INFOPLIST_KEY_CFBundleDisplayName = "";
				INFOPLIST_KEY_LSApplicationCategoryType = "public.app-category.developer-tools";
				INFOPLIST_KEY_NSCameraUsageDescription = "Camera images can be streamed over the WebSocket.";
				INFOPLIST_KEY_NSHealthShareUsageDescription = "Health data can be streamed over the WebSocket.";
				INFOPLIST_KEY_NSHealthUpdateUsageDescription = "Health data can be streamed over the WebSocket.";
				INFOPLIST_KEY_NSLocationWhenInUseUsageDescription = "GPS location can be streamed over the WebSocket.";
				INFOPLIST_KEY_UIApplicationSceneManifest_Generation = YES;
				INFOPLIST_KEY_UIApplicationSupportsIndirectInputEvents = YES;
				INFOPLIST_KEY_UILaunchScreen_Generation = YES;
				INFOPLIST_KEY_UISupportedInterfaceOrientations = UIInterfaceOrientationPortrait;
				INFOPLIST_KEY_UISupportedInterfaceOrientations_iPad = "UIInterfaceOrientationLandscapeLeft UIInterfaceOrientationLandscapeRight UIInterfaceOrientationPortrait UIInterfaceOrientationPortraitUpsideDown";
				IPHONEOS_DEPLOYMENT_TARGET = 16.0;
				LD_RUNPATH_SEARCH_PATHS = (
					"$(inherited)",
					"@executable_path/Frameworks",
				);
				MARKETING_VERSION = 1.0;
				PRODUCT_BUNDLE_IDENTIFIER = "dev.foxglove.websocket-bridge-demo";
				PRODUCT_NAME = "$(TARGET_NAME)";
				PROVISIONING_PROFILE_SPECIFIER = "";
				SWIFT_EMIT_LOC_STRINGS = YES;
				SWIFT_VERSION = 5.0;
				TARGETED_DEVICE_FAMILY = "1,2";
			};
			name = Release;
		};
		16F34CDF29A6FE1600ACC882 /* Debug */ = {
			isa = XCBuildConfiguration;
			buildSettings = {
				ASSETCATALOG_COMPILER_APPICON_NAME = AppIcon;
				ASSETCATALOG_COMPILER_GLOBAL_ACCENT_COLOR_NAME = AccentColor;
				CODE_SIGN_ENTITLEMENTS = "WebSocketDemo-AppClip/WebSocketDemo-AppClip.entitlements";
				CODE_SIGN_IDENTITY = "Apple Development";
				CODE_SIGN_STYLE = Automatic;
				CURRENT_PROJECT_VERSION = 1;
				DEVELOPMENT_TEAM = 63ZWV795BK;
				ENABLE_PREVIEWS = YES;
				GENERATE_INFOPLIST_FILE = YES;
				INFOPLIST_KEY_CFBundleDisplayName = "Foxglove Demo";
				INFOPLIST_KEY_UIApplicationSceneManifest_Generation = YES;
				INFOPLIST_KEY_UIApplicationSupportsIndirectInputEvents = YES;
				INFOPLIST_KEY_UILaunchScreen_Generation = YES;
				INFOPLIST_KEY_UISupportedInterfaceOrientations_iPad = "UIInterfaceOrientationPortrait UIInterfaceOrientationPortraitUpsideDown UIInterfaceOrientationLandscapeLeft UIInterfaceOrientationLandscapeRight";
				INFOPLIST_KEY_UISupportedInterfaceOrientations_iPhone = "UIInterfaceOrientationPortrait UIInterfaceOrientationLandscapeLeft UIInterfaceOrientationLandscapeRight";
				IPHONEOS_DEPLOYMENT_TARGET = 16.0;
				LD_RUNPATH_SEARCH_PATHS = (
					"$(inherited)",
					"@executable_path/Frameworks",
				);
				MARKETING_VERSION = 1.0;
				PRODUCT_BUNDLE_IDENTIFIER = "dev.foxglove.websocket-bridge-demo.appclip";
				PRODUCT_NAME = "$(TARGET_NAME)";
				SWIFT_EMIT_LOC_STRINGS = YES;
				SWIFT_VERSION = 5.0;
				TARGETED_DEVICE_FAMILY = "1,2";
			};
			name = Debug;
		};
		16F34CE029A6FE1600ACC882 /* Release */ = {
			isa = XCBuildConfiguration;
			buildSettings = {
				ASSETCATALOG_COMPILER_APPICON_NAME = AppIcon;
				ASSETCATALOG_COMPILER_GLOBAL_ACCENT_COLOR_NAME = AccentColor;
				CODE_SIGN_ENTITLEMENTS = "WebSocketDemo-AppClip/WebSocketDemo-AppClip.entitlements";
				CODE_SIGN_IDENTITY = "Apple Development";
				CODE_SIGN_STYLE = Automatic;
				CURRENT_PROJECT_VERSION = 1;
				DEVELOPMENT_TEAM = 63ZWV795BK;
				ENABLE_PREVIEWS = YES;
				GENERATE_INFOPLIST_FILE = YES;
				INFOPLIST_KEY_CFBundleDisplayName = "Foxglove Demo";
				INFOPLIST_KEY_UIApplicationSceneManifest_Generation = YES;
				INFOPLIST_KEY_UIApplicationSupportsIndirectInputEvents = YES;
				INFOPLIST_KEY_UILaunchScreen_Generation = YES;
				INFOPLIST_KEY_UISupportedInterfaceOrientations_iPad = "UIInterfaceOrientationPortrait UIInterfaceOrientationPortraitUpsideDown UIInterfaceOrientationLandscapeLeft UIInterfaceOrientationLandscapeRight";
				INFOPLIST_KEY_UISupportedInterfaceOrientations_iPhone = "UIInterfaceOrientationPortrait UIInterfaceOrientationLandscapeLeft UIInterfaceOrientationLandscapeRight";
				IPHONEOS_DEPLOYMENT_TARGET = 16.0;
				LD_RUNPATH_SEARCH_PATHS = (
					"$(inherited)",
					"@executable_path/Frameworks",
				);
				MARKETING_VERSION = 1.0;
				PRODUCT_BUNDLE_IDENTIFIER = "dev.foxglove.websocket-bridge-demo.appclip";
				PRODUCT_NAME = "$(TARGET_NAME)";
				SWIFT_EMIT_LOC_STRINGS = YES;
				SWIFT_VERSION = 5.0;
				TARGETED_DEVICE_FAMILY = "1,2";
			};
			name = Release;
		};
		16F34CEC29A6FF3200ACC882 /* Debug */ = {
			isa = XCBuildConfiguration;
			buildSettings = {
				CODE_SIGN_STYLE = Automatic;
				CURRENT_PROJECT_VERSION = 1;
				DEFINES_MODULE = YES;
				DYLIB_COMPATIBILITY_VERSION = 1;
				DYLIB_CURRENT_VERSION = 1;
				DYLIB_INSTALL_NAME_BASE = "@rpath";
				GENERATE_INFOPLIST_FILE = YES;
				INFOPLIST_KEY_NSHumanReadableCopyright = "";
				INSTALL_PATH = "$(LOCAL_LIBRARY_DIR)/Frameworks";
				IPHONEOS_DEPLOYMENT_TARGET = 16.0;
				LD_RUNPATH_SEARCH_PATHS = (
					"@executable_path/Frameworks",
					"@loader_path/Frameworks",
				);
				"LD_RUNPATH_SEARCH_PATHS[sdk=macosx*]" = (
					"@executable_path/../Frameworks",
					"@loader_path/Frameworks",
				);
				MACOSX_DEPLOYMENT_TARGET = 13.1;
				MARKETING_VERSION = 1.0;
				PRODUCT_BUNDLE_IDENTIFIER = "dev.foxglove.WebSocketDemo-Shared";
				PRODUCT_NAME = "$(TARGET_NAME:c99extidentifier)";
				SDKROOT = auto;
				SKIP_INSTALL = YES;
				SUPPORTED_PLATFORMS = "iphoneos iphonesimulator";
				SUPPORTS_MACCATALYST = NO;
				SUPPORTS_MAC_DESIGNED_FOR_IPHONE_IPAD = NO;
				SWIFT_EMIT_LOC_STRINGS = YES;
				SWIFT_VERSION = 5.0;
				TARGETED_DEVICE_FAMILY = "1,2";
				VERSIONING_SYSTEM = "apple-generic";
				VERSION_INFO_PREFIX = "";
			};
			name = Debug;
		};
		16F34CED29A6FF3200ACC882 /* Release */ = {
			isa = XCBuildConfiguration;
			buildSettings = {
				CODE_SIGN_STYLE = Automatic;
				CURRENT_PROJECT_VERSION = 1;
				DEFINES_MODULE = YES;
				DYLIB_COMPATIBILITY_VERSION = 1;
				DYLIB_CURRENT_VERSION = 1;
				DYLIB_INSTALL_NAME_BASE = "@rpath";
				GENERATE_INFOPLIST_FILE = YES;
				INFOPLIST_KEY_NSHumanReadableCopyright = "";
				INSTALL_PATH = "$(LOCAL_LIBRARY_DIR)/Frameworks";
				IPHONEOS_DEPLOYMENT_TARGET = 16.0;
				LD_RUNPATH_SEARCH_PATHS = (
					"@executable_path/Frameworks",
					"@loader_path/Frameworks",
				);
				"LD_RUNPATH_SEARCH_PATHS[sdk=macosx*]" = (
					"@executable_path/../Frameworks",
					"@loader_path/Frameworks",
				);
				MACOSX_DEPLOYMENT_TARGET = 13.1;
				MARKETING_VERSION = 1.0;
				PRODUCT_BUNDLE_IDENTIFIER = "dev.foxglove.WebSocketDemo-Shared";
				PRODUCT_NAME = "$(TARGET_NAME:c99extidentifier)";
				SDKROOT = auto;
				SKIP_INSTALL = YES;
				SUPPORTED_PLATFORMS = "iphoneos iphonesimulator";
				SUPPORTS_MACCATALYST = NO;
				SUPPORTS_MAC_DESIGNED_FOR_IPHONE_IPAD = NO;
				SWIFT_EMIT_LOC_STRINGS = YES;
				SWIFT_VERSION = 5.0;
				TARGETED_DEVICE_FAMILY = "1,2";
				VERSIONING_SYSTEM = "apple-generic";
				VERSION_INFO_PREFIX = "";
			};
			name = Release;
		};
/* End XCBuildConfiguration section */

/* Begin XCConfigurationList section */
		1640D4A729954ABE00C0D669 /* Build configuration list for PBXNativeTarget "Foxglove Demo Watch" */ = {
			isa = XCConfigurationList;
			buildConfigurations = (
				1640D4A529954ABE00C0D669 /* Debug */,
				1640D4A629954ABE00C0D669 /* Release */,
			);
			defaultConfigurationIsVisible = 0;
			defaultConfigurationName = Release;
		};
		16EF08012992D8A70082E9A0 /* Build configuration list for PBXProject "WebSocketDemo" */ = {
			isa = XCConfigurationList;
			buildConfigurations = (
				16EF08122992D8A90082E9A0 /* Debug */,
				16EF08132992D8A90082E9A0 /* Release */,
			);
			defaultConfigurationIsVisible = 0;
			defaultConfigurationName = Release;
		};
		16EF08142992D8A90082E9A0 /* Build configuration list for PBXNativeTarget "Foxglove Demo" */ = {
			isa = XCConfigurationList;
			buildConfigurations = (
				16EF08152992D8A90082E9A0 /* Debug */,
				16EF08162992D8A90082E9A0 /* Release */,
			);
			defaultConfigurationIsVisible = 0;
			defaultConfigurationName = Release;
		};
		16F34CDE29A6FE1600ACC882 /* Build configuration list for PBXNativeTarget "Foxglove Demo Clip" */ = {
			isa = XCConfigurationList;
			buildConfigurations = (
				16F34CDF29A6FE1600ACC882 /* Debug */,
				16F34CE029A6FE1600ACC882 /* Release */,
			);
			defaultConfigurationIsVisible = 0;
			defaultConfigurationName = Release;
		};
		16F34CEB29A6FF3200ACC882 /* Build configuration list for PBXNativeTarget "WebSocketDemo-Shared" */ = {
			isa = XCConfigurationList;
			buildConfigurations = (
				16F34CEC29A6FF3200ACC882 /* Debug */,
				16F34CED29A6FF3200ACC882 /* Release */,
			);
			defaultConfigurationIsVisible = 0;
			defaultConfigurationName = Release;
		};
/* End XCConfigurationList section */

/* Begin XCRemoteSwiftPackageReference section */
		16EF086B299408100082E9A0 /* XCRemoteSwiftPackageReference "swift-protobuf" */ = {
			isa = XCRemoteSwiftPackageReference;
			repositoryURL = "https://github.com/apple/swift-protobuf.git";
			requirement = {
				kind = upToNextMajorVersion;
				minimumVersion = 1.0.0;
			};
		};
/* End XCRemoteSwiftPackageReference section */

/* Begin XCSwiftPackageProductDependency section */
		16EF086C299408100082E9A0 /* SwiftProtobuf */ = {
			isa = XCSwiftPackageProductDependency;
			package = 16EF086B299408100082E9A0 /* XCRemoteSwiftPackageReference "swift-protobuf" */;
			productName = SwiftProtobuf;
		};
		16F34D1C29A6FFD200ACC882 /* SwiftProtobuf */ = {
			isa = XCSwiftPackageProductDependency;
			package = 16EF086B299408100082E9A0 /* XCRemoteSwiftPackageReference "swift-protobuf" */;
			productName = SwiftProtobuf;
		};
		16F34D1E29A6FFDC00ACC882 /* SwiftProtobuf */ = {
			isa = XCSwiftPackageProductDependency;
			package = 16EF086B299408100082E9A0 /* XCRemoteSwiftPackageReference "swift-protobuf" */;
			productName = SwiftProtobuf;
		};
/* End XCSwiftPackageProductDependency section */
	};
	rootObject = 16EF07FE2992D8A70082E9A0 /* Project object */;
}
