// !$*UTF8*$!
{
	archiveVersion = 1;
	classes = {
	};
	objectVersion = 56;
	objects = {

/* Begin PBXBuildFile section */
		169393CD2994522B00A78475 /* LocationFix.bin in Resources */ = {isa = PBXBuildFile; fileRef = 169393CC2994522A00A78475 /* LocationFix.bin */; };
		16EF080A2992D8A70082E9A0 /* App.swift in Sources */ = {isa = PBXBuildFile; fileRef = 16EF08092992D8A70082E9A0 /* App.swift */; };
		16EF080C2992D8A70082E9A0 /* ContentView.swift in Sources */ = {isa = PBXBuildFile; fileRef = 16EF080B2992D8A70082E9A0 /* ContentView.swift */; };
		16EF080E2992D8A90082E9A0 /* Assets.xcassets in Resources */ = {isa = PBXBuildFile; fileRef = 16EF080D2992D8A90082E9A0 /* Assets.xcassets */; };
		16EF08182993021C0082E9A0 /* getIPAddress.swift in Sources */ = {isa = PBXBuildFile; fileRef = 16EF08172993021C0082E9A0 /* getIPAddress.swift */; };
		16EF081A299302570082E9A0 /* FoxgloveServer.swift in Sources */ = {isa = PBXBuildFile; fileRef = 16EF0819299302570082E9A0 /* FoxgloveServer.swift */; };
		16EF081C299363840082E9A0 /* schemas.swift in Sources */ = {isa = PBXBuildFile; fileRef = 16EF081B299363840082E9A0 /* schemas.swift */; };
		16EF081E2993777F0082E9A0 /* Server.swift in Sources */ = {isa = PBXBuildFile; fileRef = 16EF081D2993777F0082E9A0 /* Server.swift */; };
		16EF0848299406BB0082E9A0 /* PointsAnnotation.pb.swift in Sources */ = {isa = PBXBuildFile; fileRef = 16EF0825299406BB0082E9A0 /* PointsAnnotation.pb.swift */; };
		16EF0849299406BB0082E9A0 /* ImageAnnotations.pb.swift in Sources */ = {isa = PBXBuildFile; fileRef = 16EF0826299406BB0082E9A0 /* ImageAnnotations.pb.swift */; };
		16EF084A299406BB0082E9A0 /* Vector3.pb.swift in Sources */ = {isa = PBXBuildFile; fileRef = 16EF0827299406BB0082E9A0 /* Vector3.pb.swift */; };
		16EF084B299406BB0082E9A0 /* Vector2.pb.swift in Sources */ = {isa = PBXBuildFile; fileRef = 16EF0828299406BB0082E9A0 /* Vector2.pb.swift */; };
		16EF084C299406BB0082E9A0 /* Color.pb.swift in Sources */ = {isa = PBXBuildFile; fileRef = 16EF0829299406BB0082E9A0 /* Color.pb.swift */; };
		16EF084D299406BB0082E9A0 /* Grid.pb.swift in Sources */ = {isa = PBXBuildFile; fileRef = 16EF082A299406BB0082E9A0 /* Grid.pb.swift */; };
		16EF084E299406BB0082E9A0 /* KeyValuePair.pb.swift in Sources */ = {isa = PBXBuildFile; fileRef = 16EF082B299406BB0082E9A0 /* KeyValuePair.pb.swift */; };
		16EF084F299406BB0082E9A0 /* PointCloud.pb.swift in Sources */ = {isa = PBXBuildFile; fileRef = 16EF082C299406BB0082E9A0 /* PointCloud.pb.swift */; };
		16EF0850299406BB0082E9A0 /* LaserScan.pb.swift in Sources */ = {isa = PBXBuildFile; fileRef = 16EF082D299406BB0082E9A0 /* LaserScan.pb.swift */; };
		16EF0851299406BB0082E9A0 /* LinePrimitive.pb.swift in Sources */ = {isa = PBXBuildFile; fileRef = 16EF082E299406BB0082E9A0 /* LinePrimitive.pb.swift */; };
		16EF0852299406BB0082E9A0 /* GeoJSON.pb.swift in Sources */ = {isa = PBXBuildFile; fileRef = 16EF082F299406BB0082E9A0 /* GeoJSON.pb.swift */; };
		16EF0853299406BB0082E9A0 /* SceneUpdate.pb.swift in Sources */ = {isa = PBXBuildFile; fileRef = 16EF0830299406BB0082E9A0 /* SceneUpdate.pb.swift */; };
		16EF0854299406BB0082E9A0 /* CompressedImage.pb.swift in Sources */ = {isa = PBXBuildFile; fileRef = 16EF0831299406BB0082E9A0 /* CompressedImage.pb.swift */; };
		16EF0855299406BB0082E9A0 /* PoseInFrame.pb.swift in Sources */ = {isa = PBXBuildFile; fileRef = 16EF0832299406BB0082E9A0 /* PoseInFrame.pb.swift */; };
		16EF0856299406BB0082E9A0 /* CameraCalibration.pb.swift in Sources */ = {isa = PBXBuildFile; fileRef = 16EF0833299406BB0082E9A0 /* CameraCalibration.pb.swift */; };
		16EF0857299406BB0082E9A0 /* SceneEntity.pb.swift in Sources */ = {isa = PBXBuildFile; fileRef = 16EF0834299406BB0082E9A0 /* SceneEntity.pb.swift */; };
		16EF0858299406BB0082E9A0 /* FrameTransform.pb.swift in Sources */ = {isa = PBXBuildFile; fileRef = 16EF0835299406BB0082E9A0 /* FrameTransform.pb.swift */; };
		16EF0859299406BB0082E9A0 /* CircleAnnotation.pb.swift in Sources */ = {isa = PBXBuildFile; fileRef = 16EF0836299406BB0082E9A0 /* CircleAnnotation.pb.swift */; };
		16EF085A299406BB0082E9A0 /* TextPrimitive.pb.swift in Sources */ = {isa = PBXBuildFile; fileRef = 16EF0837299406BB0082E9A0 /* TextPrimitive.pb.swift */; };
		16EF085B299406BB0082E9A0 /* PosesInFrame.pb.swift in Sources */ = {isa = PBXBuildFile; fileRef = 16EF0838299406BB0082E9A0 /* PosesInFrame.pb.swift */; };
		16EF085C299406BB0082E9A0 /* RawImage.pb.swift in Sources */ = {isa = PBXBuildFile; fileRef = 16EF0839299406BB0082E9A0 /* RawImage.pb.swift */; };
		16EF085D299406BB0082E9A0 /* SceneEntityDeletion.pb.swift in Sources */ = {isa = PBXBuildFile; fileRef = 16EF083A299406BB0082E9A0 /* SceneEntityDeletion.pb.swift */; };
		16EF085E299406BB0082E9A0 /* Quaternion.pb.swift in Sources */ = {isa = PBXBuildFile; fileRef = 16EF083B299406BB0082E9A0 /* Quaternion.pb.swift */; };
		16EF085F299406BB0082E9A0 /* Log.pb.swift in Sources */ = {isa = PBXBuildFile; fileRef = 16EF083C299406BB0082E9A0 /* Log.pb.swift */; };
		16EF0860299406BB0082E9A0 /* TriangleListPrimitive.pb.swift in Sources */ = {isa = PBXBuildFile; fileRef = 16EF083D299406BB0082E9A0 /* TriangleListPrimitive.pb.swift */; };
		16EF0861299406BB0082E9A0 /* CubePrimitive.pb.swift in Sources */ = {isa = PBXBuildFile; fileRef = 16EF083E299406BB0082E9A0 /* CubePrimitive.pb.swift */; };
		16EF0862299406BB0082E9A0 /* ModelPrimitive.pb.swift in Sources */ = {isa = PBXBuildFile; fileRef = 16EF083F299406BB0082E9A0 /* ModelPrimitive.pb.swift */; };
		16EF0863299406BB0082E9A0 /* PackedElementField.pb.swift in Sources */ = {isa = PBXBuildFile; fileRef = 16EF0840299406BB0082E9A0 /* PackedElementField.pb.swift */; };
		16EF0864299406BB0082E9A0 /* CylinderPrimitive.pb.swift in Sources */ = {isa = PBXBuildFile; fileRef = 16EF0841299406BB0082E9A0 /* CylinderPrimitive.pb.swift */; };
		16EF0865299406BB0082E9A0 /* LocationFix.pb.swift in Sources */ = {isa = PBXBuildFile; fileRef = 16EF0842299406BB0082E9A0 /* LocationFix.pb.swift */; };
		16EF0866299406BB0082E9A0 /* SpherePrimitive.pb.swift in Sources */ = {isa = PBXBuildFile; fileRef = 16EF0843299406BB0082E9A0 /* SpherePrimitive.pb.swift */; };
		16EF0867299406BB0082E9A0 /* Point2.pb.swift in Sources */ = {isa = PBXBuildFile; fileRef = 16EF0844299406BB0082E9A0 /* Point2.pb.swift */; };
		16EF0868299406BB0082E9A0 /* Point3.pb.swift in Sources */ = {isa = PBXBuildFile; fileRef = 16EF0845299406BB0082E9A0 /* Point3.pb.swift */; };
		16EF0869299406BB0082E9A0 /* ArrowPrimitive.pb.swift in Sources */ = {isa = PBXBuildFile; fileRef = 16EF0846299406BB0082E9A0 /* ArrowPrimitive.pb.swift */; };
		16EF086A299406BB0082E9A0 /* Pose.pb.swift in Sources */ = {isa = PBXBuildFile; fileRef = 16EF0847299406BB0082E9A0 /* Pose.pb.swift */; };
		16EF086D299408100082E9A0 /* SwiftProtobuf in Frameworks */ = {isa = PBXBuildFile; productRef = 16EF086C299408100082E9A0 /* SwiftProtobuf */; };
		16EF087229940C160082E9A0 /* CompressedImage.bin in Resources */ = {isa = PBXBuildFile; fileRef = 16EF087129940C160082E9A0 /* CompressedImage.bin */; };
/* End PBXBuildFile section */

/* Begin PBXFileReference section */
		169393CC2994522A00A78475 /* LocationFix.bin */ = {isa = PBXFileReference; lastKnownFileType = archive.macbinary; path = LocationFix.bin; sourceTree = "<group>"; };
		16EF08062992D8A70082E9A0 /* Foxglove Bridge.app */ = {isa = PBXFileReference; explicitFileType = wrapper.application; includeInIndex = 0; path = "Foxglove Bridge.app"; sourceTree = BUILT_PRODUCTS_DIR; };
		16EF08092992D8A70082E9A0 /* App.swift */ = {isa = PBXFileReference; lastKnownFileType = sourcecode.swift; path = App.swift; sourceTree = "<group>"; };
		16EF080B2992D8A70082E9A0 /* ContentView.swift */ = {isa = PBXFileReference; lastKnownFileType = sourcecode.swift; path = ContentView.swift; sourceTree = "<group>"; };
		16EF080D2992D8A90082E9A0 /* Assets.xcassets */ = {isa = PBXFileReference; lastKnownFileType = folder.assetcatalog; path = Assets.xcassets; sourceTree = "<group>"; };
		16EF08172993021C0082E9A0 /* getIPAddress.swift */ = {isa = PBXFileReference; lastKnownFileType = sourcecode.swift; path = getIPAddress.swift; sourceTree = "<group>"; };
		16EF0819299302570082E9A0 /* FoxgloveServer.swift */ = {isa = PBXFileReference; lastKnownFileType = sourcecode.swift; path = FoxgloveServer.swift; sourceTree = "<group>"; };
		16EF081B299363840082E9A0 /* schemas.swift */ = {isa = PBXFileReference; lastKnownFileType = sourcecode.swift; path = schemas.swift; sourceTree = "<group>"; };
		16EF081D2993777F0082E9A0 /* Server.swift */ = {isa = PBXFileReference; lastKnownFileType = sourcecode.swift; path = Server.swift; sourceTree = "<group>"; };
		16EF0825299406BB0082E9A0 /* PointsAnnotation.pb.swift */ = {isa = PBXFileReference; fileEncoding = 4; lastKnownFileType = sourcecode.swift; path = PointsAnnotation.pb.swift; sourceTree = "<group>"; };
		16EF0826299406BB0082E9A0 /* ImageAnnotations.pb.swift */ = {isa = PBXFileReference; fileEncoding = 4; lastKnownFileType = sourcecode.swift; path = ImageAnnotations.pb.swift; sourceTree = "<group>"; };
		16EF0827299406BB0082E9A0 /* Vector3.pb.swift */ = {isa = PBXFileReference; fileEncoding = 4; lastKnownFileType = sourcecode.swift; path = Vector3.pb.swift; sourceTree = "<group>"; };
		16EF0828299406BB0082E9A0 /* Vector2.pb.swift */ = {isa = PBXFileReference; fileEncoding = 4; lastKnownFileType = sourcecode.swift; path = Vector2.pb.swift; sourceTree = "<group>"; };
		16EF0829299406BB0082E9A0 /* Color.pb.swift */ = {isa = PBXFileReference; fileEncoding = 4; lastKnownFileType = sourcecode.swift; path = Color.pb.swift; sourceTree = "<group>"; };
		16EF082A299406BB0082E9A0 /* Grid.pb.swift */ = {isa = PBXFileReference; fileEncoding = 4; lastKnownFileType = sourcecode.swift; path = Grid.pb.swift; sourceTree = "<group>"; };
		16EF082B299406BB0082E9A0 /* KeyValuePair.pb.swift */ = {isa = PBXFileReference; fileEncoding = 4; lastKnownFileType = sourcecode.swift; path = KeyValuePair.pb.swift; sourceTree = "<group>"; };
		16EF082C299406BB0082E9A0 /* PointCloud.pb.swift */ = {isa = PBXFileReference; fileEncoding = 4; lastKnownFileType = sourcecode.swift; path = PointCloud.pb.swift; sourceTree = "<group>"; };
		16EF082D299406BB0082E9A0 /* LaserScan.pb.swift */ = {isa = PBXFileReference; fileEncoding = 4; lastKnownFileType = sourcecode.swift; path = LaserScan.pb.swift; sourceTree = "<group>"; };
		16EF082E299406BB0082E9A0 /* LinePrimitive.pb.swift */ = {isa = PBXFileReference; fileEncoding = 4; lastKnownFileType = sourcecode.swift; path = LinePrimitive.pb.swift; sourceTree = "<group>"; };
		16EF082F299406BB0082E9A0 /* GeoJSON.pb.swift */ = {isa = PBXFileReference; fileEncoding = 4; lastKnownFileType = sourcecode.swift; path = GeoJSON.pb.swift; sourceTree = "<group>"; };
		16EF0830299406BB0082E9A0 /* SceneUpdate.pb.swift */ = {isa = PBXFileReference; fileEncoding = 4; lastKnownFileType = sourcecode.swift; path = SceneUpdate.pb.swift; sourceTree = "<group>"; };
		16EF0831299406BB0082E9A0 /* CompressedImage.pb.swift */ = {isa = PBXFileReference; fileEncoding = 4; lastKnownFileType = sourcecode.swift; path = CompressedImage.pb.swift; sourceTree = "<group>"; };
		16EF0832299406BB0082E9A0 /* PoseInFrame.pb.swift */ = {isa = PBXFileReference; fileEncoding = 4; lastKnownFileType = sourcecode.swift; path = PoseInFrame.pb.swift; sourceTree = "<group>"; };
		16EF0833299406BB0082E9A0 /* CameraCalibration.pb.swift */ = {isa = PBXFileReference; fileEncoding = 4; lastKnownFileType = sourcecode.swift; path = CameraCalibration.pb.swift; sourceTree = "<group>"; };
		16EF0834299406BB0082E9A0 /* SceneEntity.pb.swift */ = {isa = PBXFileReference; fileEncoding = 4; lastKnownFileType = sourcecode.swift; path = SceneEntity.pb.swift; sourceTree = "<group>"; };
		16EF0835299406BB0082E9A0 /* FrameTransform.pb.swift */ = {isa = PBXFileReference; fileEncoding = 4; lastKnownFileType = sourcecode.swift; path = FrameTransform.pb.swift; sourceTree = "<group>"; };
		16EF0836299406BB0082E9A0 /* CircleAnnotation.pb.swift */ = {isa = PBXFileReference; fileEncoding = 4; lastKnownFileType = sourcecode.swift; path = CircleAnnotation.pb.swift; sourceTree = "<group>"; };
		16EF0837299406BB0082E9A0 /* TextPrimitive.pb.swift */ = {isa = PBXFileReference; fileEncoding = 4; lastKnownFileType = sourcecode.swift; path = TextPrimitive.pb.swift; sourceTree = "<group>"; };
		16EF0838299406BB0082E9A0 /* PosesInFrame.pb.swift */ = {isa = PBXFileReference; fileEncoding = 4; lastKnownFileType = sourcecode.swift; path = PosesInFrame.pb.swift; sourceTree = "<group>"; };
		16EF0839299406BB0082E9A0 /* RawImage.pb.swift */ = {isa = PBXFileReference; fileEncoding = 4; lastKnownFileType = sourcecode.swift; path = RawImage.pb.swift; sourceTree = "<group>"; };
		16EF083A299406BB0082E9A0 /* SceneEntityDeletion.pb.swift */ = {isa = PBXFileReference; fileEncoding = 4; lastKnownFileType = sourcecode.swift; path = SceneEntityDeletion.pb.swift; sourceTree = "<group>"; };
		16EF083B299406BB0082E9A0 /* Quaternion.pb.swift */ = {isa = PBXFileReference; fileEncoding = 4; lastKnownFileType = sourcecode.swift; path = Quaternion.pb.swift; sourceTree = "<group>"; };
		16EF083C299406BB0082E9A0 /* Log.pb.swift */ = {isa = PBXFileReference; fileEncoding = 4; lastKnownFileType = sourcecode.swift; path = Log.pb.swift; sourceTree = "<group>"; };
		16EF083D299406BB0082E9A0 /* TriangleListPrimitive.pb.swift */ = {isa = PBXFileReference; fileEncoding = 4; lastKnownFileType = sourcecode.swift; path = TriangleListPrimitive.pb.swift; sourceTree = "<group>"; };
		16EF083E299406BB0082E9A0 /* CubePrimitive.pb.swift */ = {isa = PBXFileReference; fileEncoding = 4; lastKnownFileType = sourcecode.swift; path = CubePrimitive.pb.swift; sourceTree = "<group>"; };
		16EF083F299406BB0082E9A0 /* ModelPrimitive.pb.swift */ = {isa = PBXFileReference; fileEncoding = 4; lastKnownFileType = sourcecode.swift; path = ModelPrimitive.pb.swift; sourceTree = "<group>"; };
		16EF0840299406BB0082E9A0 /* PackedElementField.pb.swift */ = {isa = PBXFileReference; fileEncoding = 4; lastKnownFileType = sourcecode.swift; path = PackedElementField.pb.swift; sourceTree = "<group>"; };
		16EF0841299406BB0082E9A0 /* CylinderPrimitive.pb.swift */ = {isa = PBXFileReference; fileEncoding = 4; lastKnownFileType = sourcecode.swift; path = CylinderPrimitive.pb.swift; sourceTree = "<group>"; };
		16EF0842299406BB0082E9A0 /* LocationFix.pb.swift */ = {isa = PBXFileReference; fileEncoding = 4; lastKnownFileType = sourcecode.swift; path = LocationFix.pb.swift; sourceTree = "<group>"; };
		16EF0843299406BB0082E9A0 /* SpherePrimitive.pb.swift */ = {isa = PBXFileReference; fileEncoding = 4; lastKnownFileType = sourcecode.swift; path = SpherePrimitive.pb.swift; sourceTree = "<group>"; };
		16EF0844299406BB0082E9A0 /* Point2.pb.swift */ = {isa = PBXFileReference; fileEncoding = 4; lastKnownFileType = sourcecode.swift; path = Point2.pb.swift; sourceTree = "<group>"; };
		16EF0845299406BB0082E9A0 /* Point3.pb.swift */ = {isa = PBXFileReference; fileEncoding = 4; lastKnownFileType = sourcecode.swift; path = Point3.pb.swift; sourceTree = "<group>"; };
		16EF0846299406BB0082E9A0 /* ArrowPrimitive.pb.swift */ = {isa = PBXFileReference; fileEncoding = 4; lastKnownFileType = sourcecode.swift; path = ArrowPrimitive.pb.swift; sourceTree = "<group>"; };
		16EF0847299406BB0082E9A0 /* Pose.pb.swift */ = {isa = PBXFileReference; fileEncoding = 4; lastKnownFileType = sourcecode.swift; path = Pose.pb.swift; sourceTree = "<group>"; };
		16EF087129940C160082E9A0 /* CompressedImage.bin */ = {isa = PBXFileReference; lastKnownFileType = archive.macbinary; path = CompressedImage.bin; sourceTree = "<group>"; };
/* End PBXFileReference section */

/* Begin PBXFrameworksBuildPhase section */
		16EF08032992D8A70082E9A0 /* Frameworks */ = {
			isa = PBXFrameworksBuildPhase;
			buildActionMask = 2147483647;
			files = (
				16EF086D299408100082E9A0 /* SwiftProtobuf in Frameworks */,
			);
			runOnlyForDeploymentPostprocessing = 0;
		};
/* End PBXFrameworksBuildPhase section */

/* Begin PBXGroup section */
		16EF07FD2992D8A70082E9A0 = {
			isa = PBXGroup;
			children = (
				16EF08082992D8A70082E9A0 /* Foxglove Bridge */,
				16EF08072992D8A70082E9A0 /* Products */,
			);
			indentWidth = 2;
			sourceTree = "<group>";
		};
		16EF08072992D8A70082E9A0 /* Products */ = {
			isa = PBXGroup;
			children = (
				16EF08062992D8A70082E9A0 /* Foxglove Bridge.app */,
			);
			name = Products;
			sourceTree = "<group>";
		};
		16EF08082992D8A70082E9A0 /* Foxglove Bridge */ = {
			isa = PBXGroup;
			children = (
				16EF080D2992D8A90082E9A0 /* Assets.xcassets */,
				16EF08092992D8A70082E9A0 /* App.swift */,
				16EF080B2992D8A70082E9A0 /* ContentView.swift */,
				16EF08172993021C0082E9A0 /* getIPAddress.swift */,
				16EF0819299302570082E9A0 /* FoxgloveServer.swift */,
				16EF081B299363840082E9A0 /* schemas.swift */,
				16EF081D2993777F0082E9A0 /* Server.swift */,
				16EF0823299406BB0082E9A0 /* Schemas */,
			);
			path = "Foxglove Bridge";
			sourceTree = "<group>";
		};
		16EF0823299406BB0082E9A0 /* Schemas */ = {
			isa = PBXGroup;
			children = (
				16EF087029940C160082E9A0 /* bin */,
				16EF0824299406BB0082E9A0 /* foxglove */,
			);
			path = Schemas;
			sourceTree = "<group>";
		};
		16EF0824299406BB0082E9A0 /* foxglove */ = {
			isa = PBXGroup;
			children = (
				16EF0825299406BB0082E9A0 /* PointsAnnotation.pb.swift */,
				16EF0826299406BB0082E9A0 /* ImageAnnotations.pb.swift */,
				16EF0827299406BB0082E9A0 /* Vector3.pb.swift */,
				16EF0828299406BB0082E9A0 /* Vector2.pb.swift */,
				16EF0829299406BB0082E9A0 /* Color.pb.swift */,
				16EF082A299406BB0082E9A0 /* Grid.pb.swift */,
				16EF082B299406BB0082E9A0 /* KeyValuePair.pb.swift */,
				16EF082C299406BB0082E9A0 /* PointCloud.pb.swift */,
				16EF082D299406BB0082E9A0 /* LaserScan.pb.swift */,
				16EF082E299406BB0082E9A0 /* LinePrimitive.pb.swift */,
				16EF082F299406BB0082E9A0 /* GeoJSON.pb.swift */,
				16EF0830299406BB0082E9A0 /* SceneUpdate.pb.swift */,
				16EF0831299406BB0082E9A0 /* CompressedImage.pb.swift */,
				16EF0832299406BB0082E9A0 /* PoseInFrame.pb.swift */,
				16EF0833299406BB0082E9A0 /* CameraCalibration.pb.swift */,
				16EF0834299406BB0082E9A0 /* SceneEntity.pb.swift */,
				16EF0835299406BB0082E9A0 /* FrameTransform.pb.swift */,
				16EF0836299406BB0082E9A0 /* CircleAnnotation.pb.swift */,
				16EF0837299406BB0082E9A0 /* TextPrimitive.pb.swift */,
				16EF0838299406BB0082E9A0 /* PosesInFrame.pb.swift */,
				16EF0839299406BB0082E9A0 /* RawImage.pb.swift */,
				16EF083A299406BB0082E9A0 /* SceneEntityDeletion.pb.swift */,
				16EF083B299406BB0082E9A0 /* Quaternion.pb.swift */,
				16EF083C299406BB0082E9A0 /* Log.pb.swift */,
				16EF083D299406BB0082E9A0 /* TriangleListPrimitive.pb.swift */,
				16EF083E299406BB0082E9A0 /* CubePrimitive.pb.swift */,
				16EF083F299406BB0082E9A0 /* ModelPrimitive.pb.swift */,
				16EF0840299406BB0082E9A0 /* PackedElementField.pb.swift */,
				16EF0841299406BB0082E9A0 /* CylinderPrimitive.pb.swift */,
				16EF0842299406BB0082E9A0 /* LocationFix.pb.swift */,
				16EF0843299406BB0082E9A0 /* SpherePrimitive.pb.swift */,
				16EF0844299406BB0082E9A0 /* Point2.pb.swift */,
				16EF0845299406BB0082E9A0 /* Point3.pb.swift */,
				16EF0846299406BB0082E9A0 /* ArrowPrimitive.pb.swift */,
				16EF0847299406BB0082E9A0 /* Pose.pb.swift */,
			);
			path = foxglove;
			sourceTree = "<group>";
		};
		16EF087029940C160082E9A0 /* bin */ = {
			isa = PBXGroup;
			children = (
				16EF087129940C160082E9A0 /* CompressedImage.bin */,
				169393CC2994522A00A78475 /* LocationFix.bin */,
			);
			path = bin;
			sourceTree = "<group>";
		};
/* End PBXGroup section */

/* Begin PBXNativeTarget section */
		16EF08052992D8A70082E9A0 /* Foxglove Bridge */ = {
			isa = PBXNativeTarget;
			buildConfigurationList = 16EF08142992D8A90082E9A0 /* Build configuration list for PBXNativeTarget "Foxglove Bridge" */;
			buildPhases = (
				16EF08022992D8A70082E9A0 /* Sources */,
				16EF08032992D8A70082E9A0 /* Frameworks */,
				16EF08042992D8A70082E9A0 /* Resources */,
			);
			buildRules = (
			);
			dependencies = (
			);
			name = "Foxglove Bridge";
			packageProductDependencies = (
				16EF086C299408100082E9A0 /* SwiftProtobuf */,
			);
			productName = "Foxglove Bridge";
			productReference = 16EF08062992D8A70082E9A0 /* Foxglove Bridge.app */;
			productType = "com.apple.product-type.application";
		};
/* End PBXNativeTarget section */

/* Begin PBXProject section */
		16EF07FE2992D8A70082E9A0 /* Project object */ = {
			isa = PBXProject;
			attributes = {
				BuildIndependentTargetsInParallel = 1;
				LastSwiftUpdateCheck = 1420;
				LastUpgradeCheck = 1420;
				TargetAttributes = {
					16EF08052992D8A70082E9A0 = {
						CreatedOnToolsVersion = 14.2;
					};
				};
			};
			buildConfigurationList = 16EF08012992D8A70082E9A0 /* Build configuration list for PBXProject "Foxglove Bridge" */;
			compatibilityVersion = "Xcode 14.0";
			developmentRegion = en;
			hasScannedForEncodings = 0;
			knownRegions = (
				en,
				Base,
			);
			mainGroup = 16EF07FD2992D8A70082E9A0;
			packageReferences = (
				16EF086B299408100082E9A0 /* XCRemoteSwiftPackageReference "swift-protobuf" */,
			);
			productRefGroup = 16EF08072992D8A70082E9A0 /* Products */;
			projectDirPath = "";
			projectRoot = "";
			targets = (
				16EF08052992D8A70082E9A0 /* Foxglove Bridge */,
			);
		};
/* End PBXProject section */

/* Begin PBXResourcesBuildPhase section */
		16EF08042992D8A70082E9A0 /* Resources */ = {
			isa = PBXResourcesBuildPhase;
			buildActionMask = 2147483647;
			files = (
				16EF087229940C160082E9A0 /* CompressedImage.bin in Resources */,
				16EF080E2992D8A90082E9A0 /* Assets.xcassets in Resources */,
				169393CD2994522B00A78475 /* LocationFix.bin in Resources */,
			);
			runOnlyForDeploymentPostprocessing = 0;
		};
/* End PBXResourcesBuildPhase section */

/* Begin PBXSourcesBuildPhase section */
		16EF08022992D8A70082E9A0 /* Sources */ = {
			isa = PBXSourcesBuildPhase;
			buildActionMask = 2147483647;
			files = (
				16EF0856299406BB0082E9A0 /* CameraCalibration.pb.swift in Sources */,
				16EF085E299406BB0082E9A0 /* Quaternion.pb.swift in Sources */,
				16EF0862299406BB0082E9A0 /* ModelPrimitive.pb.swift in Sources */,
				16EF08182993021C0082E9A0 /* getIPAddress.swift in Sources */,
				16EF085D299406BB0082E9A0 /* SceneEntityDeletion.pb.swift in Sources */,
				16EF085C299406BB0082E9A0 /* RawImage.pb.swift in Sources */,
				16EF0869299406BB0082E9A0 /* ArrowPrimitive.pb.swift in Sources */,
				16EF085F299406BB0082E9A0 /* Log.pb.swift in Sources */,
				16EF0857299406BB0082E9A0 /* SceneEntity.pb.swift in Sources */,
				16EF081C299363840082E9A0 /* schemas.swift in Sources */,
				16EF085A299406BB0082E9A0 /* TextPrimitive.pb.swift in Sources */,
				16EF0861299406BB0082E9A0 /* CubePrimitive.pb.swift in Sources */,
				16EF0865299406BB0082E9A0 /* LocationFix.pb.swift in Sources */,
				16EF0854299406BB0082E9A0 /* CompressedImage.pb.swift in Sources */,
				16EF0851299406BB0082E9A0 /* LinePrimitive.pb.swift in Sources */,
				16EF0850299406BB0082E9A0 /* LaserScan.pb.swift in Sources */,
				16EF080C2992D8A70082E9A0 /* ContentView.swift in Sources */,
				16EF0867299406BB0082E9A0 /* Point2.pb.swift in Sources */,
				16EF084C299406BB0082E9A0 /* Color.pb.swift in Sources */,
				16EF0864299406BB0082E9A0 /* CylinderPrimitive.pb.swift in Sources */,
				16EF0853299406BB0082E9A0 /* SceneUpdate.pb.swift in Sources */,
				16EF0858299406BB0082E9A0 /* FrameTransform.pb.swift in Sources */,
				16EF084A299406BB0082E9A0 /* Vector3.pb.swift in Sources */,
				16EF084B299406BB0082E9A0 /* Vector2.pb.swift in Sources */,
				16EF085B299406BB0082E9A0 /* PosesInFrame.pb.swift in Sources */,
				16EF0848299406BB0082E9A0 /* PointsAnnotation.pb.swift in Sources */,
				16EF086A299406BB0082E9A0 /* Pose.pb.swift in Sources */,
				16EF081A299302570082E9A0 /* FoxgloveServer.swift in Sources */,
				16EF0855299406BB0082E9A0 /* PoseInFrame.pb.swift in Sources */,
				16EF0852299406BB0082E9A0 /* GeoJSON.pb.swift in Sources */,
				16EF0859299406BB0082E9A0 /* CircleAnnotation.pb.swift in Sources */,
				16EF0863299406BB0082E9A0 /* PackedElementField.pb.swift in Sources */,
				16EF0866299406BB0082E9A0 /* SpherePrimitive.pb.swift in Sources */,
				16EF0849299406BB0082E9A0 /* ImageAnnotations.pb.swift in Sources */,
				16EF081E2993777F0082E9A0 /* Server.swift in Sources */,
				16EF084D299406BB0082E9A0 /* Grid.pb.swift in Sources */,
				16EF084F299406BB0082E9A0 /* PointCloud.pb.swift in Sources */,
				16EF084E299406BB0082E9A0 /* KeyValuePair.pb.swift in Sources */,
				16EF080A2992D8A70082E9A0 /* App.swift in Sources */,
				16EF0868299406BB0082E9A0 /* Point3.pb.swift in Sources */,
				16EF0860299406BB0082E9A0 /* TriangleListPrimitive.pb.swift in Sources */,
			);
			runOnlyForDeploymentPostprocessing = 0;
		};
/* End PBXSourcesBuildPhase section */

/* Begin XCBuildConfiguration section */
		16EF08122992D8A90082E9A0 /* Debug */ = {
			isa = XCBuildConfiguration;
			buildSettings = {
				ALWAYS_SEARCH_USER_PATHS = NO;
				CLANG_ANALYZER_NONNULL = YES;
				CLANG_ANALYZER_NUMBER_OBJECT_CONVERSION = YES_AGGRESSIVE;
				CLANG_CXX_LANGUAGE_STANDARD = "gnu++20";
				CLANG_ENABLE_MODULES = YES;
				CLANG_ENABLE_OBJC_ARC = YES;
				CLANG_ENABLE_OBJC_WEAK = YES;
				CLANG_WARN_BLOCK_CAPTURE_AUTORELEASING = YES;
				CLANG_WARN_BOOL_CONVERSION = YES;
				CLANG_WARN_COMMA = YES;
				CLANG_WARN_CONSTANT_CONVERSION = YES;
				CLANG_WARN_DEPRECATED_OBJC_IMPLEMENTATIONS = YES;
				CLANG_WARN_DIRECT_OBJC_ISA_USAGE = YES_ERROR;
				CLANG_WARN_DOCUMENTATION_COMMENTS = YES;
				CLANG_WARN_EMPTY_BODY = YES;
				CLANG_WARN_ENUM_CONVERSION = YES;
				CLANG_WARN_INFINITE_RECURSION = YES;
				CLANG_WARN_INT_CONVERSION = YES;
				CLANG_WARN_NON_LITERAL_NULL_CONVERSION = YES;
				CLANG_WARN_OBJC_IMPLICIT_RETAIN_SELF = YES;
				CLANG_WARN_OBJC_LITERAL_CONVERSION = YES;
				CLANG_WARN_OBJC_ROOT_CLASS = YES_ERROR;
				CLANG_WARN_QUOTED_INCLUDE_IN_FRAMEWORK_HEADER = YES;
				CLANG_WARN_RANGE_LOOP_ANALYSIS = YES;
				CLANG_WARN_STRICT_PROTOTYPES = YES;
				CLANG_WARN_SUSPICIOUS_MOVE = YES;
				CLANG_WARN_UNGUARDED_AVAILABILITY = YES_AGGRESSIVE;
				CLANG_WARN_UNREACHABLE_CODE = YES;
				CLANG_WARN__DUPLICATE_METHOD_MATCH = YES;
				COPY_PHASE_STRIP = NO;
				DEBUG_INFORMATION_FORMAT = dwarf;
				ENABLE_STRICT_OBJC_MSGSEND = YES;
				ENABLE_TESTABILITY = YES;
				GCC_C_LANGUAGE_STANDARD = gnu11;
				GCC_DYNAMIC_NO_PIC = NO;
				GCC_NO_COMMON_BLOCKS = YES;
				GCC_OPTIMIZATION_LEVEL = 0;
				GCC_PREPROCESSOR_DEFINITIONS = (
					"DEBUG=1",
					"$(inherited)",
				);
				GCC_WARN_64_TO_32_BIT_CONVERSION = YES;
				GCC_WARN_ABOUT_RETURN_TYPE = YES_ERROR;
				GCC_WARN_UNDECLARED_SELECTOR = YES;
				GCC_WARN_UNINITIALIZED_AUTOS = YES_AGGRESSIVE;
				GCC_WARN_UNUSED_FUNCTION = YES;
				GCC_WARN_UNUSED_VARIABLE = YES;
				IPHONEOS_DEPLOYMENT_TARGET = 16.2;
				MTL_ENABLE_DEBUG_INFO = INCLUDE_SOURCE;
				MTL_FAST_MATH = YES;
				ONLY_ACTIVE_ARCH = YES;
				SDKROOT = iphoneos;
				SWIFT_ACTIVE_COMPILATION_CONDITIONS = DEBUG;
				SWIFT_OPTIMIZATION_LEVEL = "-Onone";
			};
			name = Debug;
		};
		16EF08132992D8A90082E9A0 /* Release */ = {
			isa = XCBuildConfiguration;
			buildSettings = {
				ALWAYS_SEARCH_USER_PATHS = NO;
				CLANG_ANALYZER_NONNULL = YES;
				CLANG_ANALYZER_NUMBER_OBJECT_CONVERSION = YES_AGGRESSIVE;
				CLANG_CXX_LANGUAGE_STANDARD = "gnu++20";
				CLANG_ENABLE_MODULES = YES;
				CLANG_ENABLE_OBJC_ARC = YES;
				CLANG_ENABLE_OBJC_WEAK = YES;
				CLANG_WARN_BLOCK_CAPTURE_AUTORELEASING = YES;
				CLANG_WARN_BOOL_CONVERSION = YES;
				CLANG_WARN_COMMA = YES;
				CLANG_WARN_CONSTANT_CONVERSION = YES;
				CLANG_WARN_DEPRECATED_OBJC_IMPLEMENTATIONS = YES;
				CLANG_WARN_DIRECT_OBJC_ISA_USAGE = YES_ERROR;
				CLANG_WARN_DOCUMENTATION_COMMENTS = YES;
				CLANG_WARN_EMPTY_BODY = YES;
				CLANG_WARN_ENUM_CONVERSION = YES;
				CLANG_WARN_INFINITE_RECURSION = YES;
				CLANG_WARN_INT_CONVERSION = YES;
				CLANG_WARN_NON_LITERAL_NULL_CONVERSION = YES;
				CLANG_WARN_OBJC_IMPLICIT_RETAIN_SELF = YES;
				CLANG_WARN_OBJC_LITERAL_CONVERSION = YES;
				CLANG_WARN_OBJC_ROOT_CLASS = YES_ERROR;
				CLANG_WARN_QUOTED_INCLUDE_IN_FRAMEWORK_HEADER = YES;
				CLANG_WARN_RANGE_LOOP_ANALYSIS = YES;
				CLANG_WARN_STRICT_PROTOTYPES = YES;
				CLANG_WARN_SUSPICIOUS_MOVE = YES;
				CLANG_WARN_UNGUARDED_AVAILABILITY = YES_AGGRESSIVE;
				CLANG_WARN_UNREACHABLE_CODE = YES;
				CLANG_WARN__DUPLICATE_METHOD_MATCH = YES;
				COPY_PHASE_STRIP = NO;
				DEBUG_INFORMATION_FORMAT = "dwarf-with-dsym";
				ENABLE_NS_ASSERTIONS = NO;
				ENABLE_STRICT_OBJC_MSGSEND = YES;
				GCC_C_LANGUAGE_STANDARD = gnu11;
				GCC_NO_COMMON_BLOCKS = YES;
				GCC_WARN_64_TO_32_BIT_CONVERSION = YES;
				GCC_WARN_ABOUT_RETURN_TYPE = YES_ERROR;
				GCC_WARN_UNDECLARED_SELECTOR = YES;
				GCC_WARN_UNINITIALIZED_AUTOS = YES_AGGRESSIVE;
				GCC_WARN_UNUSED_FUNCTION = YES;
				GCC_WARN_UNUSED_VARIABLE = YES;
				IPHONEOS_DEPLOYMENT_TARGET = 16.2;
				MTL_ENABLE_DEBUG_INFO = NO;
				MTL_FAST_MATH = YES;
				SDKROOT = iphoneos;
				SWIFT_COMPILATION_MODE = wholemodule;
				SWIFT_OPTIMIZATION_LEVEL = "-O";
				VALIDATE_PRODUCT = YES;
			};
			name = Release;
		};
		16EF08152992D8A90082E9A0 /* Debug */ = {
			isa = XCBuildConfiguration;
			buildSettings = {
				ASSETCATALOG_COMPILER_APPICON_NAME = AppIcon;
				ASSETCATALOG_COMPILER_GLOBAL_ACCENT_COLOR_NAME = AccentColor;
				CODE_SIGN_STYLE = Automatic;
				CURRENT_PROJECT_VERSION = 1;
				DEVELOPMENT_TEAM = 6BXC9YWCQ7;
				ENABLE_PREVIEWS = YES;
				GENERATE_INFOPLIST_FILE = YES;
				INFOPLIST_KEY_CFBundleDisplayName = "";
				INFOPLIST_KEY_LSApplicationCategoryType = "";
				INFOPLIST_KEY_NSCameraUsageDescription = "Camera images can be streamed over the WebSocket.";
				INFOPLIST_KEY_NSLocationWhenInUseUsageDescription = "GPS location can be streamed over the WebSocket.";
				INFOPLIST_KEY_UIApplicationSceneManifest_Generation = YES;
				INFOPLIST_KEY_UIApplicationSupportsIndirectInputEvents = YES;
				INFOPLIST_KEY_UILaunchScreen_Generation = YES;
				INFOPLIST_KEY_UISupportedInterfaceOrientations = UIInterfaceOrientationPortrait;
				LD_RUNPATH_SEARCH_PATHS = (
					"$(inherited)",
					"@executable_path/Frameworks",
				);
				MARKETING_VERSION = 1.0;
				PRODUCT_BUNDLE_IDENTIFIER = "dev.foxglove.Foxglove-Bridge";
				PRODUCT_NAME = "$(TARGET_NAME)";
				SWIFT_EMIT_LOC_STRINGS = YES;
				SWIFT_VERSION = 5.0;
				TARGETED_DEVICE_FAMILY = "1,2";
			};
			name = Debug;
		};
		16EF08162992D8A90082E9A0 /* Release */ = {
			isa = XCBuildConfiguration;
			buildSettings = {
				ASSETCATALOG_COMPILER_APPICON_NAME = AppIcon;
				ASSETCATALOG_COMPILER_GLOBAL_ACCENT_COLOR_NAME = AccentColor;
				CODE_SIGN_STYLE = Automatic;
				CURRENT_PROJECT_VERSION = 1;
				DEVELOPMENT_TEAM = 6BXC9YWCQ7;
				ENABLE_PREVIEWS = YES;
				GENERATE_INFOPLIST_FILE = YES;
				INFOPLIST_KEY_CFBundleDisplayName = "";
				INFOPLIST_KEY_LSApplicationCategoryType = "";
				INFOPLIST_KEY_NSCameraUsageDescription = "Camera images can be streamed over the WebSocket.";
				INFOPLIST_KEY_NSLocationWhenInUseUsageDescription = "GPS location can be streamed over the WebSocket.";
				INFOPLIST_KEY_UIApplicationSceneManifest_Generation = YES;
				INFOPLIST_KEY_UIApplicationSupportsIndirectInputEvents = YES;
				INFOPLIST_KEY_UILaunchScreen_Generation = YES;
				INFOPLIST_KEY_UISupportedInterfaceOrientations = UIInterfaceOrientationPortrait;
				LD_RUNPATH_SEARCH_PATHS = (
					"$(inherited)",
					"@executable_path/Frameworks",
				);
				MARKETING_VERSION = 1.0;
				PRODUCT_BUNDLE_IDENTIFIER = "dev.foxglove.Foxglove-Bridge";
				PRODUCT_NAME = "$(TARGET_NAME)";
				SWIFT_EMIT_LOC_STRINGS = YES;
				SWIFT_VERSION = 5.0;
				TARGETED_DEVICE_FAMILY = "1,2";
			};
			name = Release;
		};
/* End XCBuildConfiguration section */

/* Begin XCConfigurationList section */
		16EF08012992D8A70082E9A0 /* Build configuration list for PBXProject "Foxglove Bridge" */ = {
			isa = XCConfigurationList;
			buildConfigurations = (
				16EF08122992D8A90082E9A0 /* Debug */,
				16EF08132992D8A90082E9A0 /* Release */,
			);
			defaultConfigurationIsVisible = 0;
			defaultConfigurationName = Release;
		};
		16EF08142992D8A90082E9A0 /* Build configuration list for PBXNativeTarget "Foxglove Bridge" */ = {
			isa = XCConfigurationList;
			buildConfigurations = (
				16EF08152992D8A90082E9A0 /* Debug */,
				16EF08162992D8A90082E9A0 /* Release */,
			);
			defaultConfigurationIsVisible = 0;
			defaultConfigurationName = Release;
		};
/* End XCConfigurationList section */

/* Begin XCRemoteSwiftPackageReference section */
		16EF086B299408100082E9A0 /* XCRemoteSwiftPackageReference "swift-protobuf" */ = {
			isa = XCRemoteSwiftPackageReference;
			repositoryURL = "https://github.com/apple/swift-protobuf.git";
			requirement = {
				kind = upToNextMajorVersion;
				minimumVersion = 1.0.0;
			};
		};
/* End XCRemoteSwiftPackageReference section */

/* Begin XCSwiftPackageProductDependency section */
		16EF086C299408100082E9A0 /* SwiftProtobuf */ = {
			isa = XCSwiftPackageProductDependency;
			package = 16EF086B299408100082E9A0 /* XCRemoteSwiftPackageReference "swift-protobuf" */;
			productName = SwiftProtobuf;
		};
/* End XCSwiftPackageProductDependency section */
	};
	rootObject = 16EF07FE2992D8A70082E9A0 /* Project object */;
}
